// !$*UTF8*$!
{
	archiveVersion = 1;
	classes = {
	};
	objectVersion = 50;
	objects = {

/* Begin PBXBuildFile section */
		1D10C20C267E3C4A00B971E3 /* Palindrome.swift in Sources */ = {isa = PBXBuildFile; fileRef = 1D10C20B267E3C4A00B971E3 /* Palindrome.swift */; };
		1D11DEBB25582239008C0695 /* BillDivision.swift in Sources */ = {isa = PBXBuildFile; fileRef = 1D11DEBA25582239008C0695 /* BillDivision.swift */; };
		1D12575B25A5EDCD008A2262 /* SockPairs.swift in Sources */ = {isa = PBXBuildFile; fileRef = 1D12575A25A5EDCD008A2262 /* SockPairs.swift */; };
		1D12575F25A651A5008A2262 /* LeftSideRightSide.swift in Sources */ = {isa = PBXBuildFile; fileRef = 1D12575E25A651A5008A2262 /* LeftSideRightSide.swift */; };
		1D12576325A656EF008A2262 /* ClosestPalindromeNumber.swift in Sources */ = {isa = PBXBuildFile; fileRef = 1D12576225A656EF008A2262 /* ClosestPalindromeNumber.swift */; };
		1D12576725A6DBC5008A2262 /* EncodeMorse.swift in Sources */ = {isa = PBXBuildFile; fileRef = 1D12576625A6DBC5008A2262 /* EncodeMorse.swift */; };
		1D12576B25A6E8EF008A2262 /* OddUpEvenDown.swift in Sources */ = {isa = PBXBuildFile; fileRef = 1D12576A25A6E8EF008A2262 /* OddUpEvenDown.swift */; };
		1D12576F25A6EA9E008A2262 /* MovingToTheEnd.swift in Sources */ = {isa = PBXBuildFile; fileRef = 1D12576E25A6EA9E008A2262 /* MovingToTheEnd.swift */; };
		1D12577325A6ED0E008A2262 /* NextPrime.swift in Sources */ = {isa = PBXBuildFile; fileRef = 1D12577225A6ED0E008A2262 /* NextPrime.swift */; };
		1D12577725A6F2E8008A2262 /* MakingProgress.swift in Sources */ = {isa = PBXBuildFile; fileRef = 1D12577625A6F2E8008A2262 /* MakingProgress.swift */; };
		1D12577B25A6FDC0008A2262 /* PersistentLittleBugger.swift in Sources */ = {isa = PBXBuildFile; fileRef = 1D12577A25A6FDC0008A2262 /* PersistentLittleBugger.swift */; };
		1D12577F25A704C8008A2262 /* EvenOddPartition.swift in Sources */ = {isa = PBXBuildFile; fileRef = 1D12577E25A704C8008A2262 /* EvenOddPartition.swift */; };
		1D12578325A7066E008A2262 /* TotalVolumeOfAllBoxes.swift in Sources */ = {isa = PBXBuildFile; fileRef = 1D12578225A7066E008A2262 /* TotalVolumeOfAllBoxes.swift */; };
		1D12578725A70785008A2262 /* IntegerDigitsCount.swift in Sources */ = {isa = PBXBuildFile; fileRef = 1D12578625A70785008A2262 /* IntegerDigitsCount.swift */; };
		1D12578B25A70B70008A2262 /* DigitDistance.swift in Sources */ = {isa = PBXBuildFile; fileRef = 1D12578A25A70B70008A2262 /* DigitDistance.swift */; };
		1D12578F25A70D4B008A2262 /* ExtendingTheArrayPrototype.swift in Sources */ = {isa = PBXBuildFile; fileRef = 1D12578E25A70D4B008A2262 /* ExtendingTheArrayPrototype.swift */; };
		1D12579325A70EFD008A2262 /* LeastCommonMultiple.swift in Sources */ = {isa = PBXBuildFile; fileRef = 1D12579225A70EFD008A2262 /* LeastCommonMultiple.swift */; };
		1D12579725A88883008A2262 /* CountOnesInBinaryRepresentationOfInteger.swift in Sources */ = {isa = PBXBuildFile; fileRef = 1D12579625A88883008A2262 /* CountOnesInBinaryRepresentationOfInteger.swift */; };
		1D1CE77025547A5600DB4287 /* DayOfTheProgrammer.swift in Sources */ = {isa = PBXBuildFile; fileRef = 1D1CE76F25547A5600DB4287 /* DayOfTheProgrammer.swift */; };
		1D265A5E2569C2BE0073C85E /* ServiceLane.swift in Sources */ = {isa = PBXBuildFile; fileRef = 1D265A5D2569C2BE0073C85E /* ServiceLane.swift */; };
		1D28450F25A4E9770086C2ED /* WhichNumbersIsNotLikeTheOthers.swift in Sources */ = {isa = PBXBuildFile; fileRef = 1D28450E25A4E9770086C2ED /* WhichNumbersIsNotLikeTheOthers.swift */; };
		1D28451325A4EDD00086C2ED /* TicTakToe.swift in Sources */ = {isa = PBXBuildFile; fileRef = 1D28451225A4EDD00086C2ED /* TicTakToe.swift */; };
		1D28451725A4F8700086C2ED /* TallestSkyscraper.swift in Sources */ = {isa = PBXBuildFile; fileRef = 1D28451625A4F86F0086C2ED /* TallestSkyscraper.swift */; };
		1D28451B25A591700086C2ED /* FindTheMissingLetter.swift in Sources */ = {isa = PBXBuildFile; fileRef = 1D28451A25A591700086C2ED /* FindTheMissingLetter.swift */; };
		1D28451F25A598740086C2ED /* ProductOfAllOtherNumbers.swift in Sources */ = {isa = PBXBuildFile; fileRef = 1D28451E25A598740086C2ED /* ProductOfAllOtherNumbers.swift */; };
		1D28932025AED53A00139F38 /* ConvertHoursAndMinutesToSeconds.swift in Sources */ = {isa = PBXBuildFile; fileRef = 1D28931F25AED53A00139F38 /* ConvertHoursAndMinutesToSeconds.swift */; };
		1D28932425AED66900139F38 /* FindThePerimeterOfARectangle.swift in Sources */ = {isa = PBXBuildFile; fileRef = 1D28932325AED66900139F38 /* FindThePerimeterOfARectangle.swift */; };
		1D28932825AED7B800139F38 /* GetTheSumOfAllArrayElements.swift in Sources */ = {isa = PBXBuildFile; fileRef = 1D28932725AED7B800139F38 /* GetTheSumOfAllArrayElements.swift */; };
		1D28932C25AED8C600139F38 /* MultiplyOf100.swift in Sources */ = {isa = PBXBuildFile; fileRef = 1D28932B25AED8C600139F38 /* MultiplyOf100.swift */; };
		1D358619255CFB2800D9ED64 /* ViralAdvertising.swift in Sources */ = {isa = PBXBuildFile; fileRef = 1D358618255CFB2800D9ED64 /* ViralAdvertising.swift */; };
		1D386C2C25A3AD9F004A457B /* TestCodingExercises.swift in Sources */ = {isa = PBXBuildFile; fileRef = 1D386C2B25A3AD9F004A457B /* TestCodingExercises.swift */; };
		1D386C3225A3ADC0004A457B /* StaircaseOfRecursion.swift in Sources */ = {isa = PBXBuildFile; fileRef = 1D386C3125A3ADC0004A457B /* StaircaseOfRecursion.swift */; };
		1D3BC1FC2568441400E53B15 /* MinimumDistance.swift in Sources */ = {isa = PBXBuildFile; fileRef = 1D3BC1FB2568441400E53B15 /* MinimumDistance.swift */; };
		1D3E819325B1935300E1E732 /* FootballPoint.swift in Sources */ = {isa = PBXBuildFile; fileRef = 1D3E819225B1935300E1E732 /* FootballPoint.swift */; };
		1D3E819725B1948700E1E732 /* ReturnSomethingToMe.swift in Sources */ = {isa = PBXBuildFile; fileRef = 1D3E819625B1948700E1E732 /* ReturnSomethingToMe.swift */; };
		1D3E819B25B1952B00E1E732 /* SumOfDigitsBetweenTwoNumbers.swift in Sources */ = {isa = PBXBuildFile; fileRef = 1D3E819A25B1952B00E1E732 /* SumOfDigitsBetweenTwoNumbers.swift */; };
		1D3E819F25B197B500E1E732 /* AllAboutClosuresAdding.swift in Sources */ = {isa = PBXBuildFile; fileRef = 1D3E819E25B197B500E1E732 /* AllAboutClosuresAdding.swift */; };
		1D3E81A325B19BF500E1E732 /* ConcatenatingTwoIntegerArrays.swift in Sources */ = {isa = PBXBuildFile; fileRef = 1D3E81A225B19BF500E1E732 /* ConcatenatingTwoIntegerArrays.swift */; };
		1D3E81A725B19CFC00E1E732 /* TraceThatMatrix.swift in Sources */ = {isa = PBXBuildFile; fileRef = 1D3E81A625B19CFC00E1E732 /* TraceThatMatrix.swift */; };
		1D3E81AB25B19EA000E1E732 /* PositiveDominant.swift in Sources */ = {isa = PBXBuildFile; fileRef = 1D3E81AA25B19EA000E1E732 /* PositiveDominant.swift */; };
		1D3E81AF25B3052C00E1E732 /* HashesAndPluses.swift in Sources */ = {isa = PBXBuildFile; fileRef = 1D3E81AE25B3052C00E1E732 /* HashesAndPluses.swift */; };
		1D3E81B325B309FF00E1E732 /* ReturnTheTotalNUmberOfParameters.swift in Sources */ = {isa = PBXBuildFile; fileRef = 1D3E81B225B309FF00E1E732 /* ReturnTheTotalNUmberOfParameters.swift */; };
		1D3E81BB25B30BB300E1E732 /* CheckIfTheSameCase.swift in Sources */ = {isa = PBXBuildFile; fileRef = 1D3E81BA25B30BB300E1E732 /* CheckIfTheSameCase.swift */; };
		1D3E81BF25B3761600E1E732 /* EliminateOddNumbersWithinAnArray.swift in Sources */ = {isa = PBXBuildFile; fileRef = 1D3E81BE25B3761600E1E732 /* EliminateOddNumbersWithinAnArray.swift */; };
		1D3E81C325B3777D00E1E732 /* IsTheStringOddOrEven.swift in Sources */ = {isa = PBXBuildFile; fileRef = 1D3E81C225B3777D00E1E732 /* IsTheStringOddOrEven.swift */; };
		1D3E81C725B37C0700E1E732 /* IsTheNumberEvenOrOdd.swift in Sources */ = {isa = PBXBuildFile; fileRef = 1D3E81C625B37C0700E1E732 /* IsTheNumberEvenOrOdd.swift */; };
		1D3E81CB25B37CB900E1E732 /* FindTheLargestNumberInArray.swift in Sources */ = {isa = PBXBuildFile; fileRef = 1D3E81CA25B37CB900E1E732 /* FindTheLargestNumberInArray.swift */; };
		1D3E81CF25B37DC500E1E732 /* CheckIfAnArrayContainsAGivenNumber.swift in Sources */ = {isa = PBXBuildFile; fileRef = 1D3E81CE25B37DC500E1E732 /* CheckIfAnArrayContainsAGivenNumber.swift */; };
		1D3E81D325B37ECE00E1E732 /* ConvertAgeToDays.swift in Sources */ = {isa = PBXBuildFile; fileRef = 1D3E81D225B37ECE00E1E732 /* ConvertAgeToDays.swift */; };
		1D3E81D725B384AA00E1E732 /* ComparingStringsByCountingOfCharacters.swift in Sources */ = {isa = PBXBuildFile; fileRef = 1D3E81D625B384AA00E1E732 /* ComparingStringsByCountingOfCharacters.swift */; };
		1D3E81DB25B4513D00E1E732 /* LessThan100.swift in Sources */ = {isa = PBXBuildFile; fileRef = 1D3E81DA25B4513D00E1E732 /* LessThan100.swift */; };
		1D46CB81257B6FFA001EE09A /* CircularArrayRotation.swift in Sources */ = {isa = PBXBuildFile; fileRef = 1D46CB80257B6FF9001EE09A /* CircularArrayRotation.swift */; };
		1D4FABFB25763FBD0031C94D /* DesignerPDFViewer.swift in Sources */ = {isa = PBXBuildFile; fileRef = 1D4FABFA25763FBD0031C94D /* DesignerPDFViewer.swift */; };
		1D653DB72552A26A008397A4 /* MigratoryBirds.swift in Sources */ = {isa = PBXBuildFile; fileRef = 1D653DB62552A26A008397A4 /* MigratoryBirds.swift */; };
		1D672B58255A7BEF007F998D /* HurdleRace.swift in Sources */ = {isa = PBXBuildFile; fileRef = 1D672B57255A7BEF007F998D /* HurdleRace.swift */; };
		1D784C5125A8CA5F0038EA3A /* RepeatingLetters.swift in Sources */ = {isa = PBXBuildFile; fileRef = 1D784C5025A8CA5F0038EA3A /* RepeatingLetters.swift */; };
		1D784C5525A8CBE60038EA3A /* LargestSwap.swift in Sources */ = {isa = PBXBuildFile; fileRef = 1D784C5425A8CBE60038EA3A /* LargestSwap.swift */; };
		1D784C5925A8D54C0038EA3A /* Other.swift in Sources */ = {isa = PBXBuildFile; fileRef = 1D784C5825A8D54C0038EA3A /* Other.swift */; };
		1D784C9A25A997C00038EA3A /* CumulativeArraySum.swift in Sources */ = {isa = PBXBuildFile; fileRef = 1D784C9925A997C00038EA3A /* CumulativeArraySum.swift */; };
		1D784C9E25A999340038EA3A /* ChatRoomStatus.swift in Sources */ = {isa = PBXBuildFile; fileRef = 1D784C9D25A999340038EA3A /* ChatRoomStatus.swift */; };
		1D784CA225A99FDB0038EA3A /* VowelReplacer.swift in Sources */ = {isa = PBXBuildFile; fileRef = 1D784CA125A99FDB0038EA3A /* VowelReplacer.swift */; };
		1D784CA625A9AC670038EA3A /* PerfectSquarePatch.swift in Sources */ = {isa = PBXBuildFile; fileRef = 1D784CA525A9AC670038EA3A /* PerfectSquarePatch.swift */; };
		1D784CAA25A9ADC70038EA3A /* HurdleJump.swift in Sources */ = {isa = PBXBuildFile; fileRef = 1D784CA925A9ADC70038EA3A /* HurdleJump.swift */; };
		1D784CAE25A9AF3E0038EA3A /* ProfitableGamble.swift in Sources */ = {isa = PBXBuildFile; fileRef = 1D784CAD25A9AF3E0038EA3A /* ProfitableGamble.swift */; };
		1D784CB225A9DD010038EA3A /* MovieThreatreAdmittance.swift in Sources */ = {isa = PBXBuildFile; fileRef = 1D784CB125A9DD010038EA3A /* MovieThreatreAdmittance.swift */; };
		1D784CB625AA28CB0038EA3A /* FindTheIndex.swift in Sources */ = {isa = PBXBuildFile; fileRef = 1D784CB525AA28CB0038EA3A /* FindTheIndex.swift */; };
		1D784CBA25AA2ADC0038EA3A /* IsTheWordSingularOrPlural.swift in Sources */ = {isa = PBXBuildFile; fileRef = 1D784CB925AA2ADC0038EA3A /* IsTheWordSingularOrPlural.swift */; };
		1D784CBE25AA347F0038EA3A /* AllOccurrencesOfAnElementInAnArray.swift in Sources */ = {isa = PBXBuildFile; fileRef = 1D784CBD25AA347F0038EA3A /* AllOccurrencesOfAnElementInAnArray.swift */; };
		1D784CC225AAE62B0038EA3A /* NDifference.swift in Sources */ = {isa = PBXBuildFile; fileRef = 1D784CC125AAE62B0038EA3A /* NDifference.swift */; };
		1D784CC625AAE7760038EA3A /* ArrayOfMultiples.swift in Sources */ = {isa = PBXBuildFile; fileRef = 1D784CC525AAE7760038EA3A /* ArrayOfMultiples.swift */; };
		1D784CCA25AAEA390038EA3A /* FilterOutStringFromAnArray.swift in Sources */ = {isa = PBXBuildFile; fileRef = 1D784CC925AAEA390038EA3A /* FilterOutStringFromAnArray.swift */; };
		1D784CCE25AB76EF0038EA3A /* ATMPINCodeValidation.swift in Sources */ = {isa = PBXBuildFile; fileRef = 1D784CCD25AB76EF0038EA3A /* ATMPINCodeValidation.swift */; };
		1D784CD225AB78D10038EA3A /* SliceOfPie.swift in Sources */ = {isa = PBXBuildFile; fileRef = 1D784CD125AB78D10038EA3A /* SliceOfPie.swift */; };
		1D784CD625AB7AA50038EA3A /* MuseumOfIncredibly.swift in Sources */ = {isa = PBXBuildFile; fileRef = 1D784CD525AB7AA50038EA3A /* MuseumOfIncredibly.swift */; };
		1D784CF825ADDA8F0038EA3A /* MatchstickHouses.swift in Sources */ = {isa = PBXBuildFile; fileRef = 1D784CF725ADDA8F0038EA3A /* MatchstickHouses.swift */; };
		1D784CFE25ADDC040038EA3A /* XandYCoordinates.swift in Sources */ = {isa = PBXBuildFile; fileRef = 1D784CFD25ADDC040038EA3A /* XandYCoordinates.swift */; };
		1D784D0225ADE1100038EA3A /* ReverseCodingChallenge.swift in Sources */ = {isa = PBXBuildFile; fileRef = 1D784D0125ADE1100038EA3A /* ReverseCodingChallenge.swift */; };
		1D784D0625ADE23E0038EA3A /* SpellingItOut.swift in Sources */ = {isa = PBXBuildFile; fileRef = 1D784D0525ADE23E0038EA3A /* SpellingItOut.swift */; };
		1D784D0A25ADE37C0038EA3A /* CountOnes.swift in Sources */ = {isa = PBXBuildFile; fileRef = 1D784D0925ADE37C0038EA3A /* CountOnes.swift */; };
		1D784D0E25ADE4CF0038EA3A /* IsTheStringEmpty.swift in Sources */ = {isa = PBXBuildFile; fileRef = 1D784D0D25ADE4CF0038EA3A /* IsTheStringEmpty.swift */; };
		1D784D1225ADE5C00038EA3A /* PerfectNumber.swift in Sources */ = {isa = PBXBuildFile; fileRef = 1D784D1125ADE5C00038EA3A /* PerfectNumber.swift */; };
		1D89614C257E1C2000A1BC77 /* AppendAndDelete.swift in Sources */ = {isa = PBXBuildFile; fileRef = 1D89614B257E1C2000A1BC77 /* AppendAndDelete.swift */; };
		1D8F252E25C6A2F200B256C5 /* RecursionInTheWorkplace.swift in Sources */ = {isa = PBXBuildFile; fileRef = 1D8F252D25C6A2F200B256C5 /* RecursionInTheWorkplace.swift */; };
		1D8F253225C6C30300B256C5 /* TestRecursionInTheWorkplace.swift in Sources */ = {isa = PBXBuildFile; fileRef = 1D8F253125C6C30300B256C5 /* TestRecursionInTheWorkplace.swift */; };
		1D919C8725B02E990098C714 /* ReturnTheFirstElementInAnArray.swift in Sources */ = {isa = PBXBuildFile; fileRef = 1D919C8625B02E990098C714 /* ReturnTheFirstElementInAnArray.swift */; };
		1D919C8B25B02FD80098C714 /* ReturnTheLastElementInAnArray.swift in Sources */ = {isa = PBXBuildFile; fileRef = 1D919C8A25B02FD70098C714 /* ReturnTheLastElementInAnArray.swift */; };
		1D91F98D256317A200A0CB73 /* EqualizeTheArray.swift in Sources */ = {isa = PBXBuildFile; fileRef = 1D91F98C256317A200A0CB73 /* EqualizeTheArray.swift */; };
		1D9BAA64256074FD00527E66 /* UtopianTree.swift in Sources */ = {isa = PBXBuildFile; fileRef = 1D9BAA63256074FD00527E66 /* UtopianTree.swift */; };
		1DB426742561C20800647529 /* BeautifulTriplets.swift in Sources */ = {isa = PBXBuildFile; fileRef = 1DB426732561C20800647529 /* BeautifulTriplets.swift */; };
		1DB46B612559C6F1006B83B9 /* CatsAndMouse.swift in Sources */ = {isa = PBXBuildFile; fileRef = 1DB46B602559C6F1006B83B9 /* CatsAndMouse.swift */; };
		1DBB78A6254DF36B00DD4CAA /* AlgorithmsApp.swift in Sources */ = {isa = PBXBuildFile; fileRef = 1DBB78A5254DF36B00DD4CAA /* AlgorithmsApp.swift */; };
		1DBB78A8254DF36B00DD4CAA /* ContentView.swift in Sources */ = {isa = PBXBuildFile; fileRef = 1DBB78A7254DF36B00DD4CAA /* ContentView.swift */; };
		1DBB78AA254DF37000DD4CAA /* Assets.xcassets in Resources */ = {isa = PBXBuildFile; fileRef = 1DBB78A9254DF37000DD4CAA /* Assets.xcassets */; };
		1DBB78AD254DF37000DD4CAA /* Preview Assets.xcassets in Resources */ = {isa = PBXBuildFile; fileRef = 1DBB78AC254DF37000DD4CAA /* Preview Assets.xcassets */; };
		1DBB78B7254DF3EA00DD4CAA /* GradingStudent.swift in Sources */ = {isa = PBXBuildFile; fileRef = 1DBB78B6254DF3EA00DD4CAA /* GradingStudent.swift */; };
		1DBB78C0254DF60F00DD4CAA /* AlgorithmsTests.swift in Sources */ = {isa = PBXBuildFile; fileRef = 1DBB78BF254DF60F00DD4CAA /* AlgorithmsTests.swift */; };
		1DBB78CA254E02B600DD4CAA /* AppleAndOrange.swift in Sources */ = {isa = PBXBuildFile; fileRef = 1DBB78C9254E02B600DD4CAA /* AppleAndOrange.swift */; };
		1DBB78CE254EA2F000DD4CAA /* NumberLineJumps.swift in Sources */ = {isa = PBXBuildFile; fileRef = 1DBB78CD254EA2F000DD4CAA /* NumberLineJumps.swift */; };
		1DBB78D2254F190500DD4CAA /* BetweenTwoSets.swift in Sources */ = {isa = PBXBuildFile; fileRef = 1DBB78D1254F190500DD4CAA /* BetweenTwoSets.swift */; };
		1DBB78D6254F3B4700DD4CAA /* BreakingTheRecords.swift in Sources */ = {isa = PBXBuildFile; fileRef = 1DBB78D5254F3B4700DD4CAA /* BreakingTheRecords.swift */; };
		1DC6C02425BD5B6B006C8DEE /* BigONotation.swift in Sources */ = {isa = PBXBuildFile; fileRef = 1DC6C02325BD5B6B006C8DEE /* BigONotation.swift */; };
		1DD954E92573BD1D0096FB3B /* AngryProfessor .swift in Sources */ = {isa = PBXBuildFile; fileRef = 1DD954E82573BD1D0096FB3B /* AngryProfessor .swift */; };
		1DE140BC255C55E700C415E6 /* FindDigits.swift in Sources */ = {isa = PBXBuildFile; fileRef = 1DE140BB255C55E700C415E6 /* FindDigits.swift */; };
		1DE74B79256ACC5700313838 /* CutSticks.swift in Sources */ = {isa = PBXBuildFile; fileRef = 1DE74B78256ACC5700313838 /* CutSticks.swift */; };
		1DEC8FF4256177FE0023A1E9 /* ModifiedKaprekarNumbers.swift in Sources */ = {isa = PBXBuildFile; fileRef = 1DEC8FF3256177FE0023A1E9 /* ModifiedKaprekarNumbers.swift */; };
		1DF1A79425CBD74300B347C8 /* LinkedList.swift in Sources */ = {isa = PBXBuildFile; fileRef = 1DF1A79325CBD74300B347C8 /* LinkedList.swift */; };
		1DF1A79825CBD80500B347C8 /* TestLinkedList.swift in Sources */ = {isa = PBXBuildFile; fileRef = 1DF1A79725CBD80500B347C8 /* TestLinkedList.swift */; };
		1DF44EBF2570263000232DD4 /* SaveThePrisoner.swift in Sources */ = {isa = PBXBuildFile; fileRef = 1DF44EBE2570263000232DD4 /* SaveThePrisoner.swift */; };
		1DF44EFB25725FA900232DD4 /* BeautifulDaysAtTheMovies.swift in Sources */ = {isa = PBXBuildFile; fileRef = 1DF44EFA25725FA900232DD4 /* BeautifulDaysAtTheMovies.swift */; };
		9515CF3825666A310061796F /* ChocolateFeast.swift in Sources */ = {isa = PBXBuildFile; fileRef = 9515CF3725666A310061796F /* ChocolateFeast.swift */; };
		951C818126287B020098038C /* MasteringGenerics.swift in Sources */ = {isa = PBXBuildFile; fileRef = 951C818026287B020098038C /* MasteringGenerics.swift */; };
		951C818526287BEB0098038C /* TestMasteringGenerics.swift in Sources */ = {isa = PBXBuildFile; fileRef = 951C818426287BEB0098038C /* TestMasteringGenerics.swift */; };
		951C8189262880790098038C /* Person.swift in Sources */ = {isa = PBXBuildFile; fileRef = 951C8188262880790098038C /* Person.swift */; };
		951C818D262887D90098038C /* DrivableProtocol.swift in Sources */ = {isa = PBXBuildFile; fileRef = 951C818C262887D90098038C /* DrivableProtocol.swift */; };
		951C81932628881D0098038C /* Car.swift in Sources */ = {isa = PBXBuildFile; fileRef = 951C81922628881D0098038C /* Car.swift */; };
		951C81972628884F0098038C /* Truck.swift in Sources */ = {isa = PBXBuildFile; fileRef = 951C81962628884F0098038C /* Truck.swift */; };
		951C819B2628885D0098038C /* Tractor.swift in Sources */ = {isa = PBXBuildFile; fileRef = 951C819A2628885D0098038C /* Tractor.swift */; };
		951C819F262888A10098038C /* AddableProtocol.swift in Sources */ = {isa = PBXBuildFile; fileRef = 951C819E262888A10098038C /* AddableProtocol.swift */; };
		951C81A326288CBF0098038C /* Book.swift in Sources */ = {isa = PBXBuildFile; fileRef = 951C81A226288CBF0098038C /* Book.swift */; };
		951C81A726288CDF0098038C /* Storage.swift in Sources */ = {isa = PBXBuildFile; fileRef = 951C81A626288CDF0098038C /* Storage.swift */; };
		951C81AB26288D240098038C /* Bookcase.swift in Sources */ = {isa = PBXBuildFile; fileRef = 951C81AA26288D240098038C /* Bookcase.swift */; };
		951C81AF26288DB30098038C /* VideoGame.swift in Sources */ = {isa = PBXBuildFile; fileRef = 951C81AE26288DB30098038C /* VideoGame.swift */; };
		951C81B326288DD90098038C /* VideoCase.swift in Sources */ = {isa = PBXBuildFile; fileRef = 951C81B226288DD90098038C /* VideoCase.swift */; };
		951C81B726288EED0098038C /* Box.swift in Sources */ = {isa = PBXBuildFile; fileRef = 951C81B626288EED0098038C /* Box.swift */; };
		951C81BB2629A6530098038C /* Location.swift in Sources */ = {isa = PBXBuildFile; fileRef = 951C81BA2629A6530098038C /* Location.swift */; };
		951C81BF2629A7620098038C /* GenLocation.swift in Sources */ = {isa = PBXBuildFile; fileRef = 951C81BE2629A7620098038C /* GenLocation.swift */; };
		951C81C32629A7B60098038C /* Address.swift in Sources */ = {isa = PBXBuildFile; fileRef = 951C81C22629A7B60098038C /* Address.swift */; };
		951C81C72629A8840098038C /* Coordinate.swift in Sources */ = {isa = PBXBuildFile; fileRef = 951C81C62629A8840098038C /* Coordinate.swift */; };
		951CECA9278B49530048150E /* MergeInvervals.swift in Sources */ = {isa = PBXBuildFile; fileRef = 951CECA8278B49530048150E /* MergeInvervals.swift */; };
		9522EBEB2588DC4100E5C4C1 /* QueueUsingStack.swift in Sources */ = {isa = PBXBuildFile; fileRef = 9522EBEA2588DC4100E5C4C1 /* QueueUsingStack.swift */; };
		953402BB25AC62A300A854DA /* BuildQueueUsingStack.swift in Sources */ = {isa = PBXBuildFile; fileRef = 953402BA25AC62A300A854DA /* BuildQueueUsingStack.swift */; };
		953402BF25AC6BEA00A854DA /* MajorityElement.swift in Sources */ = {isa = PBXBuildFile; fileRef = 953402BE25AC6BEA00A854DA /* MajorityElement.swift */; };
		953402C325AC6F0000A854DA /* MajorityElementTwo.swift in Sources */ = {isa = PBXBuildFile; fileRef = 953402C225AC6F0000A854DA /* MajorityElementTwo.swift */; };
		953402C725AC749500A854DA /* IntersectionOfTwoArrays.swift in Sources */ = {isa = PBXBuildFile; fileRef = 953402C625AC749500A854DA /* IntersectionOfTwoArrays.swift */; };
		953402CB25AC7D4E00A854DA /* IntersectionOfTwoArraysTwo.swift in Sources */ = {isa = PBXBuildFile; fileRef = 953402CA25AC7D4E00A854DA /* IntersectionOfTwoArraysTwo.swift */; };
		953402CF25AC823500A854DA /* ContainsDuplicate.swift in Sources */ = {isa = PBXBuildFile; fileRef = 953402CE25AC823500A854DA /* ContainsDuplicate.swift */; };
		95340AF326309CF700C2F124 /* FlatArray.swift in Sources */ = {isa = PBXBuildFile; fileRef = 95340AF226309CF700C2F124 /* FlatArray.swift */; };
		95468AE026443B7B003563FB /* TwoNumberSum.swift in Sources */ = {isa = PBXBuildFile; fileRef = 95468ADF26443B7B003563FB /* TwoNumberSum.swift */; };
		9551BDE52780B78700370D49 /* CountIslands.swift in Sources */ = {isa = PBXBuildFile; fileRef = 9551BDE42780B78700370D49 /* CountIslands.swift */; };
		9569D8672780E0BE00BFCAC6 /* PascalsTriangle.swift in Sources */ = {isa = PBXBuildFile; fileRef = 9569D8662780E0BE00BFCAC6 /* PascalsTriangle.swift */; };
		9570677825B6FEE500657E66 /* Bubble.swift in Sources */ = {isa = PBXBuildFile; fileRef = 9570677725B6FEE500657E66 /* Bubble.swift */; };
		9570677C25B7004700657E66 /* TestEdu.swift in Sources */ = {isa = PBXBuildFile; fileRef = 9570677B25B7004700657E66 /* TestEdu.swift */; };
		9570678025B7025500657E66 /* Selection.swift in Sources */ = {isa = PBXBuildFile; fileRef = 9570677F25B7025500657E66 /* Selection.swift */; };
		9570678425B704B700657E66 /* Insertion.swift in Sources */ = {isa = PBXBuildFile; fileRef = 9570678325B704B700657E66 /* Insertion.swift */; };
		9570678825B70C4500657E66 /* Quick.swift in Sources */ = {isa = PBXBuildFile; fileRef = 9570678725B70C4500657E66 /* Quick.swift */; };
		9585F318256E3D14007E9250 /* JumpingOnTheCloudsRevisited.swift in Sources */ = {isa = PBXBuildFile; fileRef = 9585F317256E3D14007E9250 /* JumpingOnTheCloudsRevisited.swift */; };
		95860012256CF3060060DC91 /* SherlockAndSquare.swift in Sources */ = {isa = PBXBuildFile; fileRef = 95860011256CF3060060DC91 /* SherlockAndSquare.swift */; };
		9586FFE4256BEC210060DC91 /* LibraryFine.swift in Sources */ = {isa = PBXBuildFile; fileRef = 9586FFE3256BEC210060DC91 /* LibraryFine.swift */; };
		958B036B255EA7B7005B4538 /* TaumAndBDay.swift in Sources */ = {isa = PBXBuildFile; fileRef = 958B036A255EA7B7005B4538 /* TaumAndBDay.swift */; };
		95A222942577810A002FCA87 /* PickingNumbers.swift in Sources */ = {isa = PBXBuildFile; fileRef = 95A222932577810A002FCA87 /* PickingNumbers.swift */; };
		95A222A12578FD3E002FCA87 /* ElectronicsShop.swift in Sources */ = {isa = PBXBuildFile; fileRef = 95A222A02578FD3E002FCA87 /* ElectronicsShop.swift */; };
		95A222C6257A2AEC002FCA87 /* DrawingBook.swift in Sources */ = {isa = PBXBuildFile; fileRef = 95A222C5257A2AEC002FCA87 /* DrawingBook.swift */; };
		95A222CA257CC33D002FCA87 /* SequenceEquation.swift in Sources */ = {isa = PBXBuildFile; fileRef = 95A222C9257CC33D002FCA87 /* SequenceEquation.swift */; };
		95C16F54277F8BBC004000B1 /* SpiralTraverse.swift in Sources */ = {isa = PBXBuildFile; fileRef = 95C16F53277F8BBC004000B1 /* SpiralTraverse.swift */; };
		95C16F56277F8E54004000B1 /* TestMeta.swift in Sources */ = {isa = PBXBuildFile; fileRef = 95C16F55277F8E54004000B1 /* TestMeta.swift */; };
		95D5511525AC4183003E903A /* Intro.swift in Sources */ = {isa = PBXBuildFile; fileRef = 95D5511425AC4183003E903A /* Intro.swift */; };
		95D5511D25AC42EB003E903A /* TestAlgorithmsDesign.swift in Sources */ = {isa = PBXBuildFile; fileRef = 95D5511C25AC42EB003E903A /* TestAlgorithmsDesign.swift */; };
		95D5512125AC4D01003E903A /* Logger.swift in Sources */ = {isa = PBXBuildFile; fileRef = 95D5512025AC4D01003E903A /* Logger.swift */; };
		95D5512525AC564F003E903A /* UniqueEmailAddresses.swift in Sources */ = {isa = PBXBuildFile; fileRef = 95D5512425AC564F003E903A /* UniqueEmailAddresses.swift */; };
		95E50367256518E700DDD45F /* HalloweenSale.swift in Sources */ = {isa = PBXBuildFile; fileRef = 95E50366256518E700DDD45F /* HalloweenSale.swift */; };
		95EA15B225C00000006CEBF7 /* Stack.swift in Sources */ = {isa = PBXBuildFile; fileRef = 95EA15B125C00000006CEBF7 /* Stack.swift */; };
		95EA15B625C000C5006CEBF7 /* TestStack.swift in Sources */ = {isa = PBXBuildFile; fileRef = 95EA15B525C000C5006CEBF7 /* TestStack.swift */; };
		95EA15BC25C0118F006CEBF7 /* Queue.swift in Sources */ = {isa = PBXBuildFile; fileRef = 95EA15BB25C0118F006CEBF7 /* Queue.swift */; };
		95EA15C225C01311006CEBF7 /* TestQueue&Stack.swift in Sources */ = {isa = PBXBuildFile; fileRef = 95EA15C125C01311006CEBF7 /* TestQueue&Stack.swift */; };
		95EB4E782574F6F300DD32BA /* FlatlandSpaceStations.swift in Sources */ = {isa = PBXBuildFile; fileRef = 95EB4E772574F6F300DD32BA /* FlatlandSpaceStations.swift */; };
/* End PBXBuildFile section */

/* Begin PBXContainerItemProxy section */
		1DBB78C2254DF60F00DD4CAA /* PBXContainerItemProxy */ = {
			isa = PBXContainerItemProxy;
			containerPortal = 1DBB789A254DF36B00DD4CAA /* Project object */;
			proxyType = 1;
			remoteGlobalIDString = 1DBB78A1254DF36B00DD4CAA;
			remoteInfo = Algorithms;
		};
/* End PBXContainerItemProxy section */

/* Begin PBXFileReference section */
		1D10C20B267E3C4A00B971E3 /* Palindrome.swift */ = {isa = PBXFileReference; lastKnownFileType = sourcecode.swift; path = Palindrome.swift; sourceTree = "<group>"; };
		1D11DEBA25582239008C0695 /* BillDivision.swift */ = {isa = PBXFileReference; lastKnownFileType = sourcecode.swift; path = BillDivision.swift; sourceTree = "<group>"; };
		1D12575A25A5EDCD008A2262 /* SockPairs.swift */ = {isa = PBXFileReference; lastKnownFileType = sourcecode.swift; path = SockPairs.swift; sourceTree = "<group>"; };
		1D12575E25A651A5008A2262 /* LeftSideRightSide.swift */ = {isa = PBXFileReference; lastKnownFileType = sourcecode.swift; path = LeftSideRightSide.swift; sourceTree = "<group>"; };
		1D12576225A656EF008A2262 /* ClosestPalindromeNumber.swift */ = {isa = PBXFileReference; lastKnownFileType = sourcecode.swift; path = ClosestPalindromeNumber.swift; sourceTree = "<group>"; };
		1D12576625A6DBC5008A2262 /* EncodeMorse.swift */ = {isa = PBXFileReference; lastKnownFileType = sourcecode.swift; path = EncodeMorse.swift; sourceTree = "<group>"; };
		1D12576A25A6E8EF008A2262 /* OddUpEvenDown.swift */ = {isa = PBXFileReference; lastKnownFileType = sourcecode.swift; path = OddUpEvenDown.swift; sourceTree = "<group>"; };
		1D12576E25A6EA9E008A2262 /* MovingToTheEnd.swift */ = {isa = PBXFileReference; lastKnownFileType = sourcecode.swift; path = MovingToTheEnd.swift; sourceTree = "<group>"; };
		1D12577225A6ED0E008A2262 /* NextPrime.swift */ = {isa = PBXFileReference; lastKnownFileType = sourcecode.swift; path = NextPrime.swift; sourceTree = "<group>"; };
		1D12577625A6F2E8008A2262 /* MakingProgress.swift */ = {isa = PBXFileReference; lastKnownFileType = sourcecode.swift; path = MakingProgress.swift; sourceTree = "<group>"; };
		1D12577A25A6FDC0008A2262 /* PersistentLittleBugger.swift */ = {isa = PBXFileReference; lastKnownFileType = sourcecode.swift; path = PersistentLittleBugger.swift; sourceTree = "<group>"; };
		1D12577E25A704C8008A2262 /* EvenOddPartition.swift */ = {isa = PBXFileReference; lastKnownFileType = sourcecode.swift; path = EvenOddPartition.swift; sourceTree = "<group>"; };
		1D12578225A7066E008A2262 /* TotalVolumeOfAllBoxes.swift */ = {isa = PBXFileReference; lastKnownFileType = sourcecode.swift; path = TotalVolumeOfAllBoxes.swift; sourceTree = "<group>"; };
		1D12578625A70785008A2262 /* IntegerDigitsCount.swift */ = {isa = PBXFileReference; lastKnownFileType = sourcecode.swift; path = IntegerDigitsCount.swift; sourceTree = "<group>"; };
		1D12578A25A70B70008A2262 /* DigitDistance.swift */ = {isa = PBXFileReference; lastKnownFileType = sourcecode.swift; path = DigitDistance.swift; sourceTree = "<group>"; };
		1D12578E25A70D4B008A2262 /* ExtendingTheArrayPrototype.swift */ = {isa = PBXFileReference; lastKnownFileType = sourcecode.swift; path = ExtendingTheArrayPrototype.swift; sourceTree = "<group>"; };
		1D12579225A70EFD008A2262 /* LeastCommonMultiple.swift */ = {isa = PBXFileReference; lastKnownFileType = sourcecode.swift; path = LeastCommonMultiple.swift; sourceTree = "<group>"; };
		1D12579625A88883008A2262 /* CountOnesInBinaryRepresentationOfInteger.swift */ = {isa = PBXFileReference; lastKnownFileType = sourcecode.swift; path = CountOnesInBinaryRepresentationOfInteger.swift; sourceTree = "<group>"; };
		1D1CE76F25547A5600DB4287 /* DayOfTheProgrammer.swift */ = {isa = PBXFileReference; lastKnownFileType = sourcecode.swift; path = DayOfTheProgrammer.swift; sourceTree = "<group>"; };
		1D265A5D2569C2BE0073C85E /* ServiceLane.swift */ = {isa = PBXFileReference; lastKnownFileType = sourcecode.swift; path = ServiceLane.swift; sourceTree = "<group>"; };
		1D28450E25A4E9770086C2ED /* WhichNumbersIsNotLikeTheOthers.swift */ = {isa = PBXFileReference; lastKnownFileType = sourcecode.swift; path = WhichNumbersIsNotLikeTheOthers.swift; sourceTree = "<group>"; };
		1D28451225A4EDD00086C2ED /* TicTakToe.swift */ = {isa = PBXFileReference; lastKnownFileType = sourcecode.swift; path = TicTakToe.swift; sourceTree = "<group>"; };
		1D28451625A4F86F0086C2ED /* TallestSkyscraper.swift */ = {isa = PBXFileReference; lastKnownFileType = sourcecode.swift; path = TallestSkyscraper.swift; sourceTree = "<group>"; };
		1D28451A25A591700086C2ED /* FindTheMissingLetter.swift */ = {isa = PBXFileReference; lastKnownFileType = sourcecode.swift; path = FindTheMissingLetter.swift; sourceTree = "<group>"; };
		1D28451E25A598740086C2ED /* ProductOfAllOtherNumbers.swift */ = {isa = PBXFileReference; lastKnownFileType = sourcecode.swift; path = ProductOfAllOtherNumbers.swift; sourceTree = "<group>"; };
		1D28931F25AED53A00139F38 /* ConvertHoursAndMinutesToSeconds.swift */ = {isa = PBXFileReference; lastKnownFileType = sourcecode.swift; path = ConvertHoursAndMinutesToSeconds.swift; sourceTree = "<group>"; };
		1D28932325AED66900139F38 /* FindThePerimeterOfARectangle.swift */ = {isa = PBXFileReference; lastKnownFileType = sourcecode.swift; path = FindThePerimeterOfARectangle.swift; sourceTree = "<group>"; };
		1D28932725AED7B800139F38 /* GetTheSumOfAllArrayElements.swift */ = {isa = PBXFileReference; lastKnownFileType = sourcecode.swift; path = GetTheSumOfAllArrayElements.swift; sourceTree = "<group>"; };
		1D28932B25AED8C600139F38 /* MultiplyOf100.swift */ = {isa = PBXFileReference; lastKnownFileType = sourcecode.swift; path = MultiplyOf100.swift; sourceTree = "<group>"; };
		1D358618255CFB2800D9ED64 /* ViralAdvertising.swift */ = {isa = PBXFileReference; lastKnownFileType = sourcecode.swift; path = ViralAdvertising.swift; sourceTree = "<group>"; };
		1D386C2B25A3AD9F004A457B /* TestCodingExercises.swift */ = {isa = PBXFileReference; lastKnownFileType = sourcecode.swift; path = TestCodingExercises.swift; sourceTree = "<group>"; };
		1D386C3125A3ADC0004A457B /* StaircaseOfRecursion.swift */ = {isa = PBXFileReference; lastKnownFileType = sourcecode.swift; path = StaircaseOfRecursion.swift; sourceTree = "<group>"; };
		1D3BC1FB2568441400E53B15 /* MinimumDistance.swift */ = {isa = PBXFileReference; lastKnownFileType = sourcecode.swift; path = MinimumDistance.swift; sourceTree = "<group>"; };
		1D3E819225B1935300E1E732 /* FootballPoint.swift */ = {isa = PBXFileReference; lastKnownFileType = sourcecode.swift; path = FootballPoint.swift; sourceTree = "<group>"; };
		1D3E819625B1948700E1E732 /* ReturnSomethingToMe.swift */ = {isa = PBXFileReference; lastKnownFileType = sourcecode.swift; path = ReturnSomethingToMe.swift; sourceTree = "<group>"; };
		1D3E819A25B1952B00E1E732 /* SumOfDigitsBetweenTwoNumbers.swift */ = {isa = PBXFileReference; lastKnownFileType = sourcecode.swift; path = SumOfDigitsBetweenTwoNumbers.swift; sourceTree = "<group>"; };
		1D3E819E25B197B500E1E732 /* AllAboutClosuresAdding.swift */ = {isa = PBXFileReference; lastKnownFileType = sourcecode.swift; path = AllAboutClosuresAdding.swift; sourceTree = "<group>"; };
		1D3E81A225B19BF500E1E732 /* ConcatenatingTwoIntegerArrays.swift */ = {isa = PBXFileReference; lastKnownFileType = sourcecode.swift; path = ConcatenatingTwoIntegerArrays.swift; sourceTree = "<group>"; };
		1D3E81A625B19CFC00E1E732 /* TraceThatMatrix.swift */ = {isa = PBXFileReference; lastKnownFileType = sourcecode.swift; path = TraceThatMatrix.swift; sourceTree = "<group>"; };
		1D3E81AA25B19EA000E1E732 /* PositiveDominant.swift */ = {isa = PBXFileReference; lastKnownFileType = sourcecode.swift; path = PositiveDominant.swift; sourceTree = "<group>"; };
		1D3E81AE25B3052C00E1E732 /* HashesAndPluses.swift */ = {isa = PBXFileReference; lastKnownFileType = sourcecode.swift; path = HashesAndPluses.swift; sourceTree = "<group>"; };
		1D3E81B225B309FF00E1E732 /* ReturnTheTotalNUmberOfParameters.swift */ = {isa = PBXFileReference; lastKnownFileType = sourcecode.swift; path = ReturnTheTotalNUmberOfParameters.swift; sourceTree = "<group>"; };
		1D3E81BA25B30BB300E1E732 /* CheckIfTheSameCase.swift */ = {isa = PBXFileReference; lastKnownFileType = sourcecode.swift; path = CheckIfTheSameCase.swift; sourceTree = "<group>"; };
		1D3E81BE25B3761600E1E732 /* EliminateOddNumbersWithinAnArray.swift */ = {isa = PBXFileReference; lastKnownFileType = sourcecode.swift; path = EliminateOddNumbersWithinAnArray.swift; sourceTree = "<group>"; };
		1D3E81C225B3777D00E1E732 /* IsTheStringOddOrEven.swift */ = {isa = PBXFileReference; lastKnownFileType = sourcecode.swift; path = IsTheStringOddOrEven.swift; sourceTree = "<group>"; };
		1D3E81C625B37C0700E1E732 /* IsTheNumberEvenOrOdd.swift */ = {isa = PBXFileReference; lastKnownFileType = sourcecode.swift; path = IsTheNumberEvenOrOdd.swift; sourceTree = "<group>"; };
		1D3E81CA25B37CB900E1E732 /* FindTheLargestNumberInArray.swift */ = {isa = PBXFileReference; lastKnownFileType = sourcecode.swift; path = FindTheLargestNumberInArray.swift; sourceTree = "<group>"; };
		1D3E81CE25B37DC500E1E732 /* CheckIfAnArrayContainsAGivenNumber.swift */ = {isa = PBXFileReference; lastKnownFileType = sourcecode.swift; path = CheckIfAnArrayContainsAGivenNumber.swift; sourceTree = "<group>"; };
		1D3E81D225B37ECE00E1E732 /* ConvertAgeToDays.swift */ = {isa = PBXFileReference; lastKnownFileType = sourcecode.swift; path = ConvertAgeToDays.swift; sourceTree = "<group>"; };
		1D3E81D625B384AA00E1E732 /* ComparingStringsByCountingOfCharacters.swift */ = {isa = PBXFileReference; lastKnownFileType = sourcecode.swift; path = ComparingStringsByCountingOfCharacters.swift; sourceTree = "<group>"; };
		1D3E81DA25B4513D00E1E732 /* LessThan100.swift */ = {isa = PBXFileReference; lastKnownFileType = sourcecode.swift; path = LessThan100.swift; sourceTree = "<group>"; };
		1D46CB80257B6FF9001EE09A /* CircularArrayRotation.swift */ = {isa = PBXFileReference; lastKnownFileType = sourcecode.swift; path = CircularArrayRotation.swift; sourceTree = "<group>"; };
		1D4FABFA25763FBD0031C94D /* DesignerPDFViewer.swift */ = {isa = PBXFileReference; lastKnownFileType = sourcecode.swift; path = DesignerPDFViewer.swift; sourceTree = "<group>"; };
		1D653DB62552A26A008397A4 /* MigratoryBirds.swift */ = {isa = PBXFileReference; lastKnownFileType = sourcecode.swift; path = MigratoryBirds.swift; sourceTree = "<group>"; };
		1D672B57255A7BEF007F998D /* HurdleRace.swift */ = {isa = PBXFileReference; lastKnownFileType = sourcecode.swift; path = HurdleRace.swift; sourceTree = "<group>"; };
		1D784C5025A8CA5F0038EA3A /* RepeatingLetters.swift */ = {isa = PBXFileReference; lastKnownFileType = sourcecode.swift; path = RepeatingLetters.swift; sourceTree = "<group>"; };
		1D784C5425A8CBE60038EA3A /* LargestSwap.swift */ = {isa = PBXFileReference; lastKnownFileType = sourcecode.swift; path = LargestSwap.swift; sourceTree = "<group>"; };
		1D784C5825A8D54C0038EA3A /* Other.swift */ = {isa = PBXFileReference; lastKnownFileType = sourcecode.swift; path = Other.swift; sourceTree = "<group>"; };
		1D784C9925A997C00038EA3A /* CumulativeArraySum.swift */ = {isa = PBXFileReference; lastKnownFileType = sourcecode.swift; path = CumulativeArraySum.swift; sourceTree = "<group>"; };
		1D784C9D25A999340038EA3A /* ChatRoomStatus.swift */ = {isa = PBXFileReference; lastKnownFileType = sourcecode.swift; path = ChatRoomStatus.swift; sourceTree = "<group>"; };
		1D784CA125A99FDB0038EA3A /* VowelReplacer.swift */ = {isa = PBXFileReference; lastKnownFileType = sourcecode.swift; path = VowelReplacer.swift; sourceTree = "<group>"; };
		1D784CA525A9AC670038EA3A /* PerfectSquarePatch.swift */ = {isa = PBXFileReference; lastKnownFileType = sourcecode.swift; path = PerfectSquarePatch.swift; sourceTree = "<group>"; };
		1D784CA925A9ADC70038EA3A /* HurdleJump.swift */ = {isa = PBXFileReference; lastKnownFileType = sourcecode.swift; path = HurdleJump.swift; sourceTree = "<group>"; };
		1D784CAD25A9AF3E0038EA3A /* ProfitableGamble.swift */ = {isa = PBXFileReference; lastKnownFileType = sourcecode.swift; path = ProfitableGamble.swift; sourceTree = "<group>"; };
		1D784CB125A9DD010038EA3A /* MovieThreatreAdmittance.swift */ = {isa = PBXFileReference; lastKnownFileType = sourcecode.swift; path = MovieThreatreAdmittance.swift; sourceTree = "<group>"; };
		1D784CB525AA28CB0038EA3A /* FindTheIndex.swift */ = {isa = PBXFileReference; lastKnownFileType = sourcecode.swift; path = FindTheIndex.swift; sourceTree = "<group>"; };
		1D784CB925AA2ADC0038EA3A /* IsTheWordSingularOrPlural.swift */ = {isa = PBXFileReference; lastKnownFileType = sourcecode.swift; path = IsTheWordSingularOrPlural.swift; sourceTree = "<group>"; };
		1D784CBD25AA347F0038EA3A /* AllOccurrencesOfAnElementInAnArray.swift */ = {isa = PBXFileReference; lastKnownFileType = sourcecode.swift; path = AllOccurrencesOfAnElementInAnArray.swift; sourceTree = "<group>"; };
		1D784CC125AAE62B0038EA3A /* NDifference.swift */ = {isa = PBXFileReference; lastKnownFileType = sourcecode.swift; path = NDifference.swift; sourceTree = "<group>"; };
		1D784CC525AAE7760038EA3A /* ArrayOfMultiples.swift */ = {isa = PBXFileReference; lastKnownFileType = sourcecode.swift; path = ArrayOfMultiples.swift; sourceTree = "<group>"; };
		1D784CC925AAEA390038EA3A /* FilterOutStringFromAnArray.swift */ = {isa = PBXFileReference; lastKnownFileType = sourcecode.swift; path = FilterOutStringFromAnArray.swift; sourceTree = "<group>"; };
		1D784CCD25AB76EF0038EA3A /* ATMPINCodeValidation.swift */ = {isa = PBXFileReference; lastKnownFileType = sourcecode.swift; path = ATMPINCodeValidation.swift; sourceTree = "<group>"; };
		1D784CD125AB78D10038EA3A /* SliceOfPie.swift */ = {isa = PBXFileReference; lastKnownFileType = sourcecode.swift; path = SliceOfPie.swift; sourceTree = "<group>"; };
		1D784CD525AB7AA50038EA3A /* MuseumOfIncredibly.swift */ = {isa = PBXFileReference; lastKnownFileType = sourcecode.swift; path = MuseumOfIncredibly.swift; sourceTree = "<group>"; };
		1D784CF725ADDA8F0038EA3A /* MatchstickHouses.swift */ = {isa = PBXFileReference; lastKnownFileType = sourcecode.swift; path = MatchstickHouses.swift; sourceTree = "<group>"; };
		1D784CFD25ADDC040038EA3A /* XandYCoordinates.swift */ = {isa = PBXFileReference; lastKnownFileType = sourcecode.swift; path = XandYCoordinates.swift; sourceTree = "<group>"; };
		1D784D0125ADE1100038EA3A /* ReverseCodingChallenge.swift */ = {isa = PBXFileReference; lastKnownFileType = sourcecode.swift; path = ReverseCodingChallenge.swift; sourceTree = "<group>"; };
		1D784D0525ADE23E0038EA3A /* SpellingItOut.swift */ = {isa = PBXFileReference; lastKnownFileType = sourcecode.swift; path = SpellingItOut.swift; sourceTree = "<group>"; };
		1D784D0925ADE37C0038EA3A /* CountOnes.swift */ = {isa = PBXFileReference; lastKnownFileType = sourcecode.swift; path = CountOnes.swift; sourceTree = "<group>"; };
		1D784D0D25ADE4CF0038EA3A /* IsTheStringEmpty.swift */ = {isa = PBXFileReference; lastKnownFileType = sourcecode.swift; path = IsTheStringEmpty.swift; sourceTree = "<group>"; };
		1D784D1125ADE5C00038EA3A /* PerfectNumber.swift */ = {isa = PBXFileReference; lastKnownFileType = sourcecode.swift; path = PerfectNumber.swift; sourceTree = "<group>"; };
		1D89614B257E1C2000A1BC77 /* AppendAndDelete.swift */ = {isa = PBXFileReference; lastKnownFileType = sourcecode.swift; path = AppendAndDelete.swift; sourceTree = "<group>"; };
		1D8F252D25C6A2F200B256C5 /* RecursionInTheWorkplace.swift */ = {isa = PBXFileReference; lastKnownFileType = sourcecode.swift; path = RecursionInTheWorkplace.swift; sourceTree = "<group>"; };
		1D8F253125C6C30300B256C5 /* TestRecursionInTheWorkplace.swift */ = {isa = PBXFileReference; lastKnownFileType = sourcecode.swift; path = TestRecursionInTheWorkplace.swift; sourceTree = "<group>"; };
		1D919C8625B02E990098C714 /* ReturnTheFirstElementInAnArray.swift */ = {isa = PBXFileReference; lastKnownFileType = sourcecode.swift; path = ReturnTheFirstElementInAnArray.swift; sourceTree = "<group>"; };
		1D919C8A25B02FD70098C714 /* ReturnTheLastElementInAnArray.swift */ = {isa = PBXFileReference; lastKnownFileType = sourcecode.swift; path = ReturnTheLastElementInAnArray.swift; sourceTree = "<group>"; };
		1D91F98C256317A200A0CB73 /* EqualizeTheArray.swift */ = {isa = PBXFileReference; lastKnownFileType = sourcecode.swift; path = EqualizeTheArray.swift; sourceTree = "<group>"; };
		1D9BAA63256074FD00527E66 /* UtopianTree.swift */ = {isa = PBXFileReference; lastKnownFileType = sourcecode.swift; path = UtopianTree.swift; sourceTree = "<group>"; };
		1DB426732561C20800647529 /* BeautifulTriplets.swift */ = {isa = PBXFileReference; lastKnownFileType = sourcecode.swift; path = BeautifulTriplets.swift; sourceTree = "<group>"; };
		1DB46B602559C6F1006B83B9 /* CatsAndMouse.swift */ = {isa = PBXFileReference; lastKnownFileType = sourcecode.swift; path = CatsAndMouse.swift; sourceTree = "<group>"; };
		1DBB78A2254DF36B00DD4CAA /* Algorithms.app */ = {isa = PBXFileReference; explicitFileType = wrapper.application; includeInIndex = 0; path = Algorithms.app; sourceTree = BUILT_PRODUCTS_DIR; };
		1DBB78A5254DF36B00DD4CAA /* AlgorithmsApp.swift */ = {isa = PBXFileReference; lastKnownFileType = sourcecode.swift; path = AlgorithmsApp.swift; sourceTree = "<group>"; };
		1DBB78A7254DF36B00DD4CAA /* ContentView.swift */ = {isa = PBXFileReference; lastKnownFileType = sourcecode.swift; path = ContentView.swift; sourceTree = "<group>"; };
		1DBB78A9254DF37000DD4CAA /* Assets.xcassets */ = {isa = PBXFileReference; lastKnownFileType = folder.assetcatalog; path = Assets.xcassets; sourceTree = "<group>"; };
		1DBB78AC254DF37000DD4CAA /* Preview Assets.xcassets */ = {isa = PBXFileReference; lastKnownFileType = folder.assetcatalog; path = "Preview Assets.xcassets"; sourceTree = "<group>"; };
		1DBB78AE254DF37000DD4CAA /* Info.plist */ = {isa = PBXFileReference; lastKnownFileType = text.plist.xml; path = Info.plist; sourceTree = "<group>"; };
		1DBB78B6254DF3EA00DD4CAA /* GradingStudent.swift */ = {isa = PBXFileReference; lastKnownFileType = sourcecode.swift; path = GradingStudent.swift; sourceTree = "<group>"; };
		1DBB78BD254DF60F00DD4CAA /* AlgorithmsTests.xctest */ = {isa = PBXFileReference; explicitFileType = wrapper.cfbundle; includeInIndex = 0; path = AlgorithmsTests.xctest; sourceTree = BUILT_PRODUCTS_DIR; };
		1DBB78BF254DF60F00DD4CAA /* AlgorithmsTests.swift */ = {isa = PBXFileReference; lastKnownFileType = sourcecode.swift; path = AlgorithmsTests.swift; sourceTree = "<group>"; };
		1DBB78C1254DF60F00DD4CAA /* Info.plist */ = {isa = PBXFileReference; lastKnownFileType = text.plist.xml; path = Info.plist; sourceTree = "<group>"; };
		1DBB78C9254E02B600DD4CAA /* AppleAndOrange.swift */ = {isa = PBXFileReference; lastKnownFileType = sourcecode.swift; path = AppleAndOrange.swift; sourceTree = "<group>"; };
		1DBB78CD254EA2F000DD4CAA /* NumberLineJumps.swift */ = {isa = PBXFileReference; lastKnownFileType = sourcecode.swift; path = NumberLineJumps.swift; sourceTree = "<group>"; };
		1DBB78D1254F190500DD4CAA /* BetweenTwoSets.swift */ = {isa = PBXFileReference; lastKnownFileType = sourcecode.swift; path = BetweenTwoSets.swift; sourceTree = "<group>"; };
		1DBB78D5254F3B4700DD4CAA /* BreakingTheRecords.swift */ = {isa = PBXFileReference; lastKnownFileType = sourcecode.swift; path = BreakingTheRecords.swift; sourceTree = "<group>"; };
		1DC6C02325BD5B6B006C8DEE /* BigONotation.swift */ = {isa = PBXFileReference; lastKnownFileType = sourcecode.swift; path = BigONotation.swift; sourceTree = "<group>"; };
		1DD954E82573BD1D0096FB3B /* AngryProfessor .swift */ = {isa = PBXFileReference; lastKnownFileType = sourcecode.swift; path = "AngryProfessor .swift"; sourceTree = "<group>"; };
		1DE140BB255C55E700C415E6 /* FindDigits.swift */ = {isa = PBXFileReference; lastKnownFileType = sourcecode.swift; path = FindDigits.swift; sourceTree = "<group>"; };
		1DE74B78256ACC5700313838 /* CutSticks.swift */ = {isa = PBXFileReference; lastKnownFileType = sourcecode.swift; path = CutSticks.swift; sourceTree = "<group>"; };
		1DEC8FF3256177FE0023A1E9 /* ModifiedKaprekarNumbers.swift */ = {isa = PBXFileReference; lastKnownFileType = sourcecode.swift; path = ModifiedKaprekarNumbers.swift; sourceTree = "<group>"; };
		1DF1A79325CBD74300B347C8 /* LinkedList.swift */ = {isa = PBXFileReference; lastKnownFileType = sourcecode.swift; path = LinkedList.swift; sourceTree = "<group>"; };
		1DF1A79725CBD80500B347C8 /* TestLinkedList.swift */ = {isa = PBXFileReference; lastKnownFileType = sourcecode.swift; path = TestLinkedList.swift; sourceTree = "<group>"; };
		1DF44EBE2570263000232DD4 /* SaveThePrisoner.swift */ = {isa = PBXFileReference; lastKnownFileType = sourcecode.swift; path = SaveThePrisoner.swift; sourceTree = "<group>"; };
		1DF44EFA25725FA900232DD4 /* BeautifulDaysAtTheMovies.swift */ = {isa = PBXFileReference; lastKnownFileType = sourcecode.swift; path = BeautifulDaysAtTheMovies.swift; sourceTree = "<group>"; };
		9515CF3725666A310061796F /* ChocolateFeast.swift */ = {isa = PBXFileReference; lastKnownFileType = sourcecode.swift; path = ChocolateFeast.swift; sourceTree = "<group>"; };
		951C818026287B020098038C /* MasteringGenerics.swift */ = {isa = PBXFileReference; lastKnownFileType = sourcecode.swift; path = MasteringGenerics.swift; sourceTree = "<group>"; };
		951C818426287BEB0098038C /* TestMasteringGenerics.swift */ = {isa = PBXFileReference; lastKnownFileType = sourcecode.swift; path = TestMasteringGenerics.swift; sourceTree = "<group>"; };
		951C8188262880790098038C /* Person.swift */ = {isa = PBXFileReference; lastKnownFileType = sourcecode.swift; path = Person.swift; sourceTree = "<group>"; };
		951C818C262887D90098038C /* DrivableProtocol.swift */ = {isa = PBXFileReference; lastKnownFileType = sourcecode.swift; path = DrivableProtocol.swift; sourceTree = "<group>"; };
		951C81922628881D0098038C /* Car.swift */ = {isa = PBXFileReference; lastKnownFileType = sourcecode.swift; path = Car.swift; sourceTree = "<group>"; };
		951C81962628884F0098038C /* Truck.swift */ = {isa = PBXFileReference; lastKnownFileType = sourcecode.swift; path = Truck.swift; sourceTree = "<group>"; };
		951C819A2628885D0098038C /* Tractor.swift */ = {isa = PBXFileReference; lastKnownFileType = sourcecode.swift; path = Tractor.swift; sourceTree = "<group>"; };
		951C819E262888A10098038C /* AddableProtocol.swift */ = {isa = PBXFileReference; lastKnownFileType = sourcecode.swift; path = AddableProtocol.swift; sourceTree = "<group>"; };
		951C81A226288CBF0098038C /* Book.swift */ = {isa = PBXFileReference; lastKnownFileType = sourcecode.swift; path = Book.swift; sourceTree = "<group>"; };
		951C81A626288CDF0098038C /* Storage.swift */ = {isa = PBXFileReference; lastKnownFileType = sourcecode.swift; path = Storage.swift; sourceTree = "<group>"; };
		951C81AA26288D240098038C /* Bookcase.swift */ = {isa = PBXFileReference; lastKnownFileType = sourcecode.swift; path = Bookcase.swift; sourceTree = "<group>"; };
		951C81AE26288DB30098038C /* VideoGame.swift */ = {isa = PBXFileReference; lastKnownFileType = sourcecode.swift; path = VideoGame.swift; sourceTree = "<group>"; };
		951C81B226288DD90098038C /* VideoCase.swift */ = {isa = PBXFileReference; lastKnownFileType = sourcecode.swift; path = VideoCase.swift; sourceTree = "<group>"; };
		951C81B626288EED0098038C /* Box.swift */ = {isa = PBXFileReference; lastKnownFileType = sourcecode.swift; path = Box.swift; sourceTree = "<group>"; };
		951C81BA2629A6530098038C /* Location.swift */ = {isa = PBXFileReference; lastKnownFileType = sourcecode.swift; path = Location.swift; sourceTree = "<group>"; };
		951C81BE2629A7620098038C /* GenLocation.swift */ = {isa = PBXFileReference; lastKnownFileType = sourcecode.swift; path = GenLocation.swift; sourceTree = "<group>"; };
		951C81C22629A7B60098038C /* Address.swift */ = {isa = PBXFileReference; lastKnownFileType = sourcecode.swift; path = Address.swift; sourceTree = "<group>"; };
		951C81C62629A8840098038C /* Coordinate.swift */ = {isa = PBXFileReference; lastKnownFileType = sourcecode.swift; path = Coordinate.swift; sourceTree = "<group>"; };
		951CECA8278B49530048150E /* MergeInvervals.swift */ = {isa = PBXFileReference; lastKnownFileType = sourcecode.swift; path = MergeInvervals.swift; sourceTree = "<group>"; };
		9522EBEA2588DC4100E5C4C1 /* QueueUsingStack.swift */ = {isa = PBXFileReference; lastKnownFileType = sourcecode.swift; path = QueueUsingStack.swift; sourceTree = "<group>"; };
		953402BA25AC62A300A854DA /* BuildQueueUsingStack.swift */ = {isa = PBXFileReference; lastKnownFileType = sourcecode.swift; path = BuildQueueUsingStack.swift; sourceTree = "<group>"; };
		953402BE25AC6BEA00A854DA /* MajorityElement.swift */ = {isa = PBXFileReference; lastKnownFileType = sourcecode.swift; path = MajorityElement.swift; sourceTree = "<group>"; };
		953402C225AC6F0000A854DA /* MajorityElementTwo.swift */ = {isa = PBXFileReference; lastKnownFileType = sourcecode.swift; path = MajorityElementTwo.swift; sourceTree = "<group>"; };
		953402C625AC749500A854DA /* IntersectionOfTwoArrays.swift */ = {isa = PBXFileReference; lastKnownFileType = sourcecode.swift; path = IntersectionOfTwoArrays.swift; sourceTree = "<group>"; };
		953402CA25AC7D4E00A854DA /* IntersectionOfTwoArraysTwo.swift */ = {isa = PBXFileReference; lastKnownFileType = sourcecode.swift; path = IntersectionOfTwoArraysTwo.swift; sourceTree = "<group>"; };
		953402CE25AC823500A854DA /* ContainsDuplicate.swift */ = {isa = PBXFileReference; lastKnownFileType = sourcecode.swift; path = ContainsDuplicate.swift; sourceTree = "<group>"; };
		95340AF226309CF700C2F124 /* FlatArray.swift */ = {isa = PBXFileReference; lastKnownFileType = sourcecode.swift; path = FlatArray.swift; sourceTree = "<group>"; };
		95468ADF26443B7B003563FB /* TwoNumberSum.swift */ = {isa = PBXFileReference; lastKnownFileType = sourcecode.swift; path = TwoNumberSum.swift; sourceTree = "<group>"; };
		9551BDE42780B78700370D49 /* CountIslands.swift */ = {isa = PBXFileReference; lastKnownFileType = sourcecode.swift; path = CountIslands.swift; sourceTree = "<group>"; };
		9569D8662780E0BE00BFCAC6 /* PascalsTriangle.swift */ = {isa = PBXFileReference; lastKnownFileType = sourcecode.swift; path = PascalsTriangle.swift; sourceTree = "<group>"; };
		9570677725B6FEE500657E66 /* Bubble.swift */ = {isa = PBXFileReference; lastKnownFileType = sourcecode.swift; path = Bubble.swift; sourceTree = "<group>"; };
		9570677B25B7004700657E66 /* TestEdu.swift */ = {isa = PBXFileReference; lastKnownFileType = sourcecode.swift; path = TestEdu.swift; sourceTree = "<group>"; };
		9570677F25B7025500657E66 /* Selection.swift */ = {isa = PBXFileReference; lastKnownFileType = sourcecode.swift; path = Selection.swift; sourceTree = "<group>"; };
		9570678325B704B700657E66 /* Insertion.swift */ = {isa = PBXFileReference; lastKnownFileType = sourcecode.swift; path = Insertion.swift; sourceTree = "<group>"; };
		9570678725B70C4500657E66 /* Quick.swift */ = {isa = PBXFileReference; lastKnownFileType = sourcecode.swift; path = Quick.swift; sourceTree = "<group>"; };
		9585F317256E3D14007E9250 /* JumpingOnTheCloudsRevisited.swift */ = {isa = PBXFileReference; lastKnownFileType = sourcecode.swift; path = JumpingOnTheCloudsRevisited.swift; sourceTree = "<group>"; };
		95860011256CF3060060DC91 /* SherlockAndSquare.swift */ = {isa = PBXFileReference; lastKnownFileType = sourcecode.swift; path = SherlockAndSquare.swift; sourceTree = "<group>"; };
		9586FFE3256BEC210060DC91 /* LibraryFine.swift */ = {isa = PBXFileReference; lastKnownFileType = sourcecode.swift; path = LibraryFine.swift; sourceTree = "<group>"; };
		958B036A255EA7B7005B4538 /* TaumAndBDay.swift */ = {isa = PBXFileReference; lastKnownFileType = sourcecode.swift; path = TaumAndBDay.swift; sourceTree = "<group>"; };
		95A222932577810A002FCA87 /* PickingNumbers.swift */ = {isa = PBXFileReference; lastKnownFileType = sourcecode.swift; path = PickingNumbers.swift; sourceTree = "<group>"; };
		95A222A02578FD3E002FCA87 /* ElectronicsShop.swift */ = {isa = PBXFileReference; lastKnownFileType = sourcecode.swift; path = ElectronicsShop.swift; sourceTree = "<group>"; };
		95A222C5257A2AEC002FCA87 /* DrawingBook.swift */ = {isa = PBXFileReference; lastKnownFileType = sourcecode.swift; path = DrawingBook.swift; sourceTree = "<group>"; };
		95A222C9257CC33D002FCA87 /* SequenceEquation.swift */ = {isa = PBXFileReference; lastKnownFileType = sourcecode.swift; path = SequenceEquation.swift; sourceTree = "<group>"; };
		95C16F53277F8BBC004000B1 /* SpiralTraverse.swift */ = {isa = PBXFileReference; lastKnownFileType = sourcecode.swift; path = SpiralTraverse.swift; sourceTree = "<group>"; };
		95C16F55277F8E54004000B1 /* TestMeta.swift */ = {isa = PBXFileReference; lastKnownFileType = sourcecode.swift; path = TestMeta.swift; sourceTree = "<group>"; };
		95D5511425AC4183003E903A /* Intro.swift */ = {isa = PBXFileReference; lastKnownFileType = sourcecode.swift; path = Intro.swift; sourceTree = "<group>"; };
		95D5511C25AC42EB003E903A /* TestAlgorithmsDesign.swift */ = {isa = PBXFileReference; lastKnownFileType = sourcecode.swift; path = TestAlgorithmsDesign.swift; sourceTree = "<group>"; };
		95D5512025AC4D01003E903A /* Logger.swift */ = {isa = PBXFileReference; lastKnownFileType = sourcecode.swift; path = Logger.swift; sourceTree = "<group>"; };
		95D5512425AC564F003E903A /* UniqueEmailAddresses.swift */ = {isa = PBXFileReference; lastKnownFileType = sourcecode.swift; path = UniqueEmailAddresses.swift; sourceTree = "<group>"; };
		95E50366256518E700DDD45F /* HalloweenSale.swift */ = {isa = PBXFileReference; lastKnownFileType = sourcecode.swift; path = HalloweenSale.swift; sourceTree = "<group>"; };
		95EA15B125C00000006CEBF7 /* Stack.swift */ = {isa = PBXFileReference; lastKnownFileType = sourcecode.swift; path = Stack.swift; sourceTree = "<group>"; };
		95EA15B525C000C5006CEBF7 /* TestStack.swift */ = {isa = PBXFileReference; lastKnownFileType = sourcecode.swift; path = TestStack.swift; sourceTree = "<group>"; };
		95EA15BB25C0118F006CEBF7 /* Queue.swift */ = {isa = PBXFileReference; lastKnownFileType = sourcecode.swift; path = Queue.swift; sourceTree = "<group>"; };
		95EA15C125C01311006CEBF7 /* TestQueue&Stack.swift */ = {isa = PBXFileReference; lastKnownFileType = sourcecode.swift; path = "TestQueue&Stack.swift"; sourceTree = "<group>"; };
		95EB4E772574F6F300DD32BA /* FlatlandSpaceStations.swift */ = {isa = PBXFileReference; lastKnownFileType = sourcecode.swift; path = FlatlandSpaceStations.swift; sourceTree = "<group>"; };
/* End PBXFileReference section */

/* Begin PBXFrameworksBuildPhase section */
		1DBB789F254DF36B00DD4CAA /* Frameworks */ = {
			isa = PBXFrameworksBuildPhase;
			buildActionMask = 2147483647;
			files = (
			);
			runOnlyForDeploymentPostprocessing = 0;
		};
		1DBB78BA254DF60F00DD4CAA /* Frameworks */ = {
			isa = PBXFrameworksBuildPhase;
			buildActionMask = 2147483647;
			files = (
			);
			runOnlyForDeploymentPostprocessing = 0;
		};
/* End PBXFrameworksBuildPhase section */

/* Begin PBXGroup section */
		1D386C2A25A3AD73004A457B /* CodingExercises */ = {
			isa = PBXGroup;
			children = (
				1D386C3125A3ADC0004A457B /* StaircaseOfRecursion.swift */,
				1D28450E25A4E9770086C2ED /* WhichNumbersIsNotLikeTheOthers.swift */,
				1D28451225A4EDD00086C2ED /* TicTakToe.swift */,
				1D28451625A4F86F0086C2ED /* TallestSkyscraper.swift */,
				1D28451A25A591700086C2ED /* FindTheMissingLetter.swift */,
				1D28451E25A598740086C2ED /* ProductOfAllOtherNumbers.swift */,
				1D12575A25A5EDCD008A2262 /* SockPairs.swift */,
				1D12575E25A651A5008A2262 /* LeftSideRightSide.swift */,
				1D12576225A656EF008A2262 /* ClosestPalindromeNumber.swift */,
				1D12576625A6DBC5008A2262 /* EncodeMorse.swift */,
				1D12576A25A6E8EF008A2262 /* OddUpEvenDown.swift */,
				1D12576E25A6EA9E008A2262 /* MovingToTheEnd.swift */,
				1D12577225A6ED0E008A2262 /* NextPrime.swift */,
				1D12577625A6F2E8008A2262 /* MakingProgress.swift */,
				1D12577A25A6FDC0008A2262 /* PersistentLittleBugger.swift */,
				1D12577E25A704C8008A2262 /* EvenOddPartition.swift */,
				1D12578225A7066E008A2262 /* TotalVolumeOfAllBoxes.swift */,
				1D12578625A70785008A2262 /* IntegerDigitsCount.swift */,
				1D12578A25A70B70008A2262 /* DigitDistance.swift */,
				1D12578E25A70D4B008A2262 /* ExtendingTheArrayPrototype.swift */,
				1D12579225A70EFD008A2262 /* LeastCommonMultiple.swift */,
				1D12579625A88883008A2262 /* CountOnesInBinaryRepresentationOfInteger.swift */,
				1D784C5025A8CA5F0038EA3A /* RepeatingLetters.swift */,
				1D784C5425A8CBE60038EA3A /* LargestSwap.swift */,
				1D784C5825A8D54C0038EA3A /* Other.swift */,
				1D784C9925A997C00038EA3A /* CumulativeArraySum.swift */,
				1D784C9D25A999340038EA3A /* ChatRoomStatus.swift */,
				1D784CA125A99FDB0038EA3A /* VowelReplacer.swift */,
				1D784CA525A9AC670038EA3A /* PerfectSquarePatch.swift */,
				1D784CA925A9ADC70038EA3A /* HurdleJump.swift */,
				1D784CAD25A9AF3E0038EA3A /* ProfitableGamble.swift */,
				1D784CB125A9DD010038EA3A /* MovieThreatreAdmittance.swift */,
				1D784CB525AA28CB0038EA3A /* FindTheIndex.swift */,
				1D784CB925AA2ADC0038EA3A /* IsTheWordSingularOrPlural.swift */,
				1D784CBD25AA347F0038EA3A /* AllOccurrencesOfAnElementInAnArray.swift */,
				1D784CC125AAE62B0038EA3A /* NDifference.swift */,
				1D784CC525AAE7760038EA3A /* ArrayOfMultiples.swift */,
				1D784CC925AAEA390038EA3A /* FilterOutStringFromAnArray.swift */,
				1D784CCD25AB76EF0038EA3A /* ATMPINCodeValidation.swift */,
				1D784CD125AB78D10038EA3A /* SliceOfPie.swift */,
				1D784CD525AB7AA50038EA3A /* MuseumOfIncredibly.swift */,
				1D784CF725ADDA8F0038EA3A /* MatchstickHouses.swift */,
				1D784CFD25ADDC040038EA3A /* XandYCoordinates.swift */,
				1D784D0125ADE1100038EA3A /* ReverseCodingChallenge.swift */,
				1D784D0525ADE23E0038EA3A /* SpellingItOut.swift */,
				1D784D0925ADE37C0038EA3A /* CountOnes.swift */,
				1D784D0D25ADE4CF0038EA3A /* IsTheStringEmpty.swift */,
				1D784D1125ADE5C00038EA3A /* PerfectNumber.swift */,
				1D28931F25AED53A00139F38 /* ConvertHoursAndMinutesToSeconds.swift */,
				1D28932325AED66900139F38 /* FindThePerimeterOfARectangle.swift */,
				1D28932725AED7B800139F38 /* GetTheSumOfAllArrayElements.swift */,
				1D28932B25AED8C600139F38 /* MultiplyOf100.swift */,
				1D919C8625B02E990098C714 /* ReturnTheFirstElementInAnArray.swift */,
				1D919C8A25B02FD70098C714 /* ReturnTheLastElementInAnArray.swift */,
				1D3E819225B1935300E1E732 /* FootballPoint.swift */,
				1D3E819625B1948700E1E732 /* ReturnSomethingToMe.swift */,
				1D3E819A25B1952B00E1E732 /* SumOfDigitsBetweenTwoNumbers.swift */,
				1D3E819E25B197B500E1E732 /* AllAboutClosuresAdding.swift */,
				1D3E81A225B19BF500E1E732 /* ConcatenatingTwoIntegerArrays.swift */,
				1D3E81A625B19CFC00E1E732 /* TraceThatMatrix.swift */,
				1D3E81AA25B19EA000E1E732 /* PositiveDominant.swift */,
				1D3E81AE25B3052C00E1E732 /* HashesAndPluses.swift */,
				1D3E81B225B309FF00E1E732 /* ReturnTheTotalNUmberOfParameters.swift */,
				1D3E81BA25B30BB300E1E732 /* CheckIfTheSameCase.swift */,
				1D3E81BE25B3761600E1E732 /* EliminateOddNumbersWithinAnArray.swift */,
				1D3E81C225B3777D00E1E732 /* IsTheStringOddOrEven.swift */,
				1D3E81C625B37C0700E1E732 /* IsTheNumberEvenOrOdd.swift */,
				1D3E81CA25B37CB900E1E732 /* FindTheLargestNumberInArray.swift */,
				1D3E81CE25B37DC500E1E732 /* CheckIfAnArrayContainsAGivenNumber.swift */,
				1D3E81D225B37ECE00E1E732 /* ConvertAgeToDays.swift */,
				1D3E81D625B384AA00E1E732 /* ComparingStringsByCountingOfCharacters.swift */,
				1D3E81DA25B4513D00E1E732 /* LessThan100.swift */,
				95468ADF26443B7B003563FB /* TwoNumberSum.swift */,
				1D10C20B267E3C4A00B971E3 /* Palindrome.swift */,
			);
			path = CodingExercises;
			sourceTree = "<group>";
		};
		1D8F252A25C6A2E000B256C5 /* Arcade */ = {
			isa = PBXGroup;
			children = (
				1D8F252D25C6A2F200B256C5 /* RecursionInTheWorkplace.swift */,
			);
			path = Arcade;
			sourceTree = "<group>";
		};
		1DBB7899254DF36A00DD4CAA = {
			isa = PBXGroup;
			children = (
				1DBB78A4254DF36B00DD4CAA /* Algorithms */,
				1DBB78BE254DF60F00DD4CAA /* AlgorithmsTests */,
				1DBB78A3254DF36B00DD4CAA /* Products */,
			);
			sourceTree = "<group>";
		};
		1DBB78A3254DF36B00DD4CAA /* Products */ = {
			isa = PBXGroup;
			children = (
				1DBB78A2254DF36B00DD4CAA /* Algorithms.app */,
				1DBB78BD254DF60F00DD4CAA /* AlgorithmsTests.xctest */,
			);
			name = Products;
			sourceTree = "<group>";
		};
		1DBB78A4254DF36B00DD4CAA /* Algorithms */ = {
			isa = PBXGroup;
			children = (
				95C16F52277F8B9A004000B1 /* Meta */,
				951C817F26287AE60098038C /* MasteringGenerics */,
				1DF1A79225CBD72200B347C8 /* Book */,
				1D8F252A25C6A2E000B256C5 /* Arcade */,
				957067FE25BEFDA300657E66 /* DataStructures */,
				9570677625B6FECC00657E66 /* Edu */,
				95D5511325AC4166003E903A /* AlgorithmsDesign */,
				1D386C2A25A3AD73004A457B /* CodingExercises */,
				1DBB78B5254DF3BA00DD4CAA /* Hackerank */,
				1DBB78A5254DF36B00DD4CAA /* AlgorithmsApp.swift */,
				1DBB78A7254DF36B00DD4CAA /* ContentView.swift */,
				1DBB78A9254DF37000DD4CAA /* Assets.xcassets */,
				1DBB78AE254DF37000DD4CAA /* Info.plist */,
				1DBB78AB254DF37000DD4CAA /* Preview Content */,
			);
			path = Algorithms;
			sourceTree = "<group>";
		};
		1DBB78AB254DF37000DD4CAA /* Preview Content */ = {
			isa = PBXGroup;
			children = (
				1DBB78AC254DF37000DD4CAA /* Preview Assets.xcassets */,
			);
			path = "Preview Content";
			sourceTree = "<group>";
		};
		1DBB78B5254DF3BA00DD4CAA /* Hackerank */ = {
			isa = PBXGroup;
			children = (
				1DBB78B6254DF3EA00DD4CAA /* GradingStudent.swift */,
				1DBB78C9254E02B600DD4CAA /* AppleAndOrange.swift */,
				1DBB78CD254EA2F000DD4CAA /* NumberLineJumps.swift */,
				1DBB78D1254F190500DD4CAA /* BetweenTwoSets.swift */,
				1DBB78D5254F3B4700DD4CAA /* BreakingTheRecords.swift */,
				1D653DB62552A26A008397A4 /* MigratoryBirds.swift */,
				1D1CE76F25547A5600DB4287 /* DayOfTheProgrammer.swift */,
				1D11DEBA25582239008C0695 /* BillDivision.swift */,
				1DB46B602559C6F1006B83B9 /* CatsAndMouse.swift */,
				1D672B57255A7BEF007F998D /* HurdleRace.swift */,
				1DE140BB255C55E700C415E6 /* FindDigits.swift */,
				1D358618255CFB2800D9ED64 /* ViralAdvertising.swift */,
				958B036A255EA7B7005B4538 /* TaumAndBDay.swift */,
				1D9BAA63256074FD00527E66 /* UtopianTree.swift */,
				1DEC8FF3256177FE0023A1E9 /* ModifiedKaprekarNumbers.swift */,
				1DB426732561C20800647529 /* BeautifulTriplets.swift */,
				1D91F98C256317A200A0CB73 /* EqualizeTheArray.swift */,
				95E50366256518E700DDD45F /* HalloweenSale.swift */,
				9515CF3725666A310061796F /* ChocolateFeast.swift */,
				1D3BC1FB2568441400E53B15 /* MinimumDistance.swift */,
				1D265A5D2569C2BE0073C85E /* ServiceLane.swift */,
				1DE74B78256ACC5700313838 /* CutSticks.swift */,
				9586FFE3256BEC210060DC91 /* LibraryFine.swift */,
				95860011256CF3060060DC91 /* SherlockAndSquare.swift */,
				9585F317256E3D14007E9250 /* JumpingOnTheCloudsRevisited.swift */,
				1DF44EBE2570263000232DD4 /* SaveThePrisoner.swift */,
				1DF44EFA25725FA900232DD4 /* BeautifulDaysAtTheMovies.swift */,
				1DD954E82573BD1D0096FB3B /* AngryProfessor .swift */,
				95EB4E772574F6F300DD32BA /* FlatlandSpaceStations.swift */,
				1D4FABFA25763FBD0031C94D /* DesignerPDFViewer.swift */,
				95A222932577810A002FCA87 /* PickingNumbers.swift */,
				95A222A02578FD3E002FCA87 /* ElectronicsShop.swift */,
				95A222C5257A2AEC002FCA87 /* DrawingBook.swift */,
				1D46CB80257B6FF9001EE09A /* CircularArrayRotation.swift */,
				95A222C9257CC33D002FCA87 /* SequenceEquation.swift */,
				1D89614B257E1C2000A1BC77 /* AppendAndDelete.swift */,
				9522EBEA2588DC4100E5C4C1 /* QueueUsingStack.swift */,
				95340AF226309CF700C2F124 /* FlatArray.swift */,
			);
			path = Hackerank;
			sourceTree = "<group>";
		};
		1DBB78BE254DF60F00DD4CAA /* AlgorithmsTests */ = {
			isa = PBXGroup;
			children = (
				1DBB78BF254DF60F00DD4CAA /* AlgorithmsTests.swift */,
				1DBB78C1254DF60F00DD4CAA /* Info.plist */,
				1D386C2B25A3AD9F004A457B /* TestCodingExercises.swift */,
				95D5511C25AC42EB003E903A /* TestAlgorithmsDesign.swift */,
				9570677B25B7004700657E66 /* TestEdu.swift */,
				95EA15B525C000C5006CEBF7 /* TestStack.swift */,
				95EA15C125C01311006CEBF7 /* TestQueue&Stack.swift */,
				1D8F253125C6C30300B256C5 /* TestRecursionInTheWorkplace.swift */,
				1DF1A79725CBD80500B347C8 /* TestLinkedList.swift */,
				951C818426287BEB0098038C /* TestMasteringGenerics.swift */,
				95C16F55277F8E54004000B1 /* TestMeta.swift */,
			);
			path = AlgorithmsTests;
			sourceTree = "<group>";
		};
		1DF1A79225CBD72200B347C8 /* Book */ = {
			isa = PBXGroup;
			children = (
				1DF1A79325CBD74300B347C8 /* LinkedList.swift */,
			);
			path = Book;
			sourceTree = "<group>";
		};
		951C817F26287AE60098038C /* MasteringGenerics */ = {
			isa = PBXGroup;
			children = (
				951C818026287B020098038C /* MasteringGenerics.swift */,
				951C8188262880790098038C /* Person.swift */,
				951C818C262887D90098038C /* DrivableProtocol.swift */,
				951C81922628881D0098038C /* Car.swift */,
				951C81962628884F0098038C /* Truck.swift */,
				951C819A2628885D0098038C /* Tractor.swift */,
				951C819E262888A10098038C /* AddableProtocol.swift */,
				951C81A226288CBF0098038C /* Book.swift */,
				951C81A626288CDF0098038C /* Storage.swift */,
				951C81AA26288D240098038C /* Bookcase.swift */,
				951C81AE26288DB30098038C /* VideoGame.swift */,
				951C81B226288DD90098038C /* VideoCase.swift */,
				951C81B626288EED0098038C /* Box.swift */,
				951C81BA2629A6530098038C /* Location.swift */,
				951C81BE2629A7620098038C /* GenLocation.swift */,
				951C81C22629A7B60098038C /* Address.swift */,
				951C81C62629A8840098038C /* Coordinate.swift */,
			);
			path = MasteringGenerics;
			sourceTree = "<group>";
		};
		9570677625B6FECC00657E66 /* Edu */ = {
			isa = PBXGroup;
			children = (
				9570677725B6FEE500657E66 /* Bubble.swift */,
				9570677F25B7025500657E66 /* Selection.swift */,
				9570678325B704B700657E66 /* Insertion.swift */,
				9570678725B70C4500657E66 /* Quick.swift */,
				1DC6C02325BD5B6B006C8DEE /* BigONotation.swift */,
			);
			path = Edu;
			sourceTree = "<group>";
		};
		957067FE25BEFDA300657E66 /* DataStructures */ = {
			isa = PBXGroup;
			children = (
				95EA15B125C00000006CEBF7 /* Stack.swift */,
				95EA15BB25C0118F006CEBF7 /* Queue.swift */,
			);
			path = DataStructures;
			sourceTree = "<group>";
		};
		95C16F52277F8B9A004000B1 /* Meta */ = {
			isa = PBXGroup;
			children = (
				95C16F53277F8BBC004000B1 /* SpiralTraverse.swift */,
				9551BDE42780B78700370D49 /* CountIslands.swift */,
				9569D8662780E0BE00BFCAC6 /* PascalsTriangle.swift */,
				951CECA8278B49530048150E /* MergeInvervals.swift */,
			);
			path = Meta;
			sourceTree = "<group>";
		};
		95D5511325AC4166003E903A /* AlgorithmsDesign */ = {
			isa = PBXGroup;
			children = (
				95D5511425AC4183003E903A /* Intro.swift */,
				95D5512025AC4D01003E903A /* Logger.swift */,
				95D5512425AC564F003E903A /* UniqueEmailAddresses.swift */,
				953402BA25AC62A300A854DA /* BuildQueueUsingStack.swift */,
				953402BE25AC6BEA00A854DA /* MajorityElement.swift */,
				953402C225AC6F0000A854DA /* MajorityElementTwo.swift */,
				953402C625AC749500A854DA /* IntersectionOfTwoArrays.swift */,
				953402CA25AC7D4E00A854DA /* IntersectionOfTwoArraysTwo.swift */,
				953402CE25AC823500A854DA /* ContainsDuplicate.swift */,
			);
			path = AlgorithmsDesign;
			sourceTree = "<group>";
		};
/* End PBXGroup section */

/* Begin PBXNativeTarget section */
		1DBB78A1254DF36B00DD4CAA /* Algorithms */ = {
			isa = PBXNativeTarget;
			buildConfigurationList = 1DBB78B1254DF37000DD4CAA /* Build configuration list for PBXNativeTarget "Algorithms" */;
			buildPhases = (
				1DBB789E254DF36B00DD4CAA /* Sources */,
				1DBB789F254DF36B00DD4CAA /* Frameworks */,
				1DBB78A0254DF36B00DD4CAA /* Resources */,
			);
			buildRules = (
			);
			dependencies = (
			);
			name = Algorithms;
			productName = Algorithms;
			productReference = 1DBB78A2254DF36B00DD4CAA /* Algorithms.app */;
			productType = "com.apple.product-type.application";
		};
		1DBB78BC254DF60F00DD4CAA /* AlgorithmsTests */ = {
			isa = PBXNativeTarget;
			buildConfigurationList = 1DBB78C4254DF60F00DD4CAA /* Build configuration list for PBXNativeTarget "AlgorithmsTests" */;
			buildPhases = (
				1DBB78B9254DF60F00DD4CAA /* Sources */,
				1DBB78BA254DF60F00DD4CAA /* Frameworks */,
				1DBB78BB254DF60F00DD4CAA /* Resources */,
			);
			buildRules = (
			);
			dependencies = (
				1DBB78C3254DF60F00DD4CAA /* PBXTargetDependency */,
			);
			name = AlgorithmsTests;
			productName = AlgorithmsTests;
			productReference = 1DBB78BD254DF60F00DD4CAA /* AlgorithmsTests.xctest */;
			productType = "com.apple.product-type.bundle.unit-test";
		};
/* End PBXNativeTarget section */

/* Begin PBXProject section */
		1DBB789A254DF36B00DD4CAA /* Project object */ = {
			isa = PBXProject;
			attributes = {
				LastSwiftUpdateCheck = 1210;
				LastUpgradeCheck = 1210;
				TargetAttributes = {
					1DBB78A1254DF36B00DD4CAA = {
						CreatedOnToolsVersion = 12.1;
					};
					1DBB78BC254DF60F00DD4CAA = {
						CreatedOnToolsVersion = 12.1;
						TestTargetID = 1DBB78A1254DF36B00DD4CAA;
					};
				};
			};
			buildConfigurationList = 1DBB789D254DF36B00DD4CAA /* Build configuration list for PBXProject "Algorithms" */;
			compatibilityVersion = "Xcode 9.3";
			developmentRegion = en;
			hasScannedForEncodings = 0;
			knownRegions = (
				en,
				Base,
			);
			mainGroup = 1DBB7899254DF36A00DD4CAA;
			productRefGroup = 1DBB78A3254DF36B00DD4CAA /* Products */;
			projectDirPath = "";
			projectRoot = "";
			targets = (
				1DBB78A1254DF36B00DD4CAA /* Algorithms */,
				1DBB78BC254DF60F00DD4CAA /* AlgorithmsTests */,
			);
		};
/* End PBXProject section */

/* Begin PBXResourcesBuildPhase section */
		1DBB78A0254DF36B00DD4CAA /* Resources */ = {
			isa = PBXResourcesBuildPhase;
			buildActionMask = 2147483647;
			files = (
				1DBB78AD254DF37000DD4CAA /* Preview Assets.xcassets in Resources */,
				1DBB78AA254DF37000DD4CAA /* Assets.xcassets in Resources */,
			);
			runOnlyForDeploymentPostprocessing = 0;
		};
		1DBB78BB254DF60F00DD4CAA /* Resources */ = {
			isa = PBXResourcesBuildPhase;
			buildActionMask = 2147483647;
			files = (
			);
			runOnlyForDeploymentPostprocessing = 0;
		};
/* End PBXResourcesBuildPhase section */

/* Begin PBXSourcesBuildPhase section */
		1DBB789E254DF36B00DD4CAA /* Sources */ = {
			isa = PBXSourcesBuildPhase;
			buildActionMask = 2147483647;
			files = (
				1D3E81CF25B37DC500E1E732 /* CheckIfAnArrayContainsAGivenNumber.swift in Sources */,
				1D28932C25AED8C600139F38 /* MultiplyOf100.swift in Sources */,
				1D784C9A25A997C00038EA3A /* CumulativeArraySum.swift in Sources */,
				1D784CA625A9AC670038EA3A /* PerfectSquarePatch.swift in Sources */,
				953402CB25AC7D4E00A854DA /* IntersectionOfTwoArraysTwo.swift in Sources */,
				1DEC8FF4256177FE0023A1E9 /* ModifiedKaprekarNumbers.swift in Sources */,
				951C818D262887D90098038C /* DrivableProtocol.swift in Sources */,
				1D3E81CB25B37CB900E1E732 /* FindTheLargestNumberInArray.swift in Sources */,
				1D12575B25A5EDCD008A2262 /* SockPairs.swift in Sources */,
				95468AE026443B7B003563FB /* TwoNumberSum.swift in Sources */,
				951C81C32629A7B60098038C /* Address.swift in Sources */,
				1D12577725A6F2E8008A2262 /* MakingProgress.swift in Sources */,
				1D919C8725B02E990098C714 /* ReturnTheFirstElementInAnArray.swift in Sources */,
				1D784D0225ADE1100038EA3A /* ReverseCodingChallenge.swift in Sources */,
				1D12576B25A6E8EF008A2262 /* OddUpEvenDown.swift in Sources */,
				1D784D0625ADE23E0038EA3A /* SpellingItOut.swift in Sources */,
				953402C325AC6F0000A854DA /* MajorityElementTwo.swift in Sources */,
				1DBB78CA254E02B600DD4CAA /* AppleAndOrange.swift in Sources */,
				1D11DEBB25582239008C0695 /* BillDivision.swift in Sources */,
				1D653DB72552A26A008397A4 /* MigratoryBirds.swift in Sources */,
				1D12578725A70785008A2262 /* IntegerDigitsCount.swift in Sources */,
				953402CF25AC823500A854DA /* ContainsDuplicate.swift in Sources */,
				951C81C72629A8840098038C /* Coordinate.swift in Sources */,
				1D1CE77025547A5600DB4287 /* DayOfTheProgrammer.swift in Sources */,
				1DBB78A8254DF36B00DD4CAA /* ContentView.swift in Sources */,
				1D3E81BB25B30BB300E1E732 /* CheckIfTheSameCase.swift in Sources */,
				951C81A326288CBF0098038C /* Book.swift in Sources */,
				9522EBEB2588DC4100E5C4C1 /* QueueUsingStack.swift in Sources */,
				1D12576F25A6EA9E008A2262 /* MovingToTheEnd.swift in Sources */,
				1D12576725A6DBC5008A2262 /* EncodeMorse.swift in Sources */,
				1D3E81C325B3777D00E1E732 /* IsTheStringOddOrEven.swift in Sources */,
				1DBB78D2254F190500DD4CAA /* BetweenTwoSets.swift in Sources */,
				1DBB78B7254DF3EA00DD4CAA /* GradingStudent.swift in Sources */,
				95EB4E782574F6F300DD32BA /* FlatlandSpaceStations.swift in Sources */,
				953402BB25AC62A300A854DA /* BuildQueueUsingStack.swift in Sources */,
				1D12578B25A70B70008A2262 /* DigitDistance.swift in Sources */,
				1D358619255CFB2800D9ED64 /* ViralAdvertising.swift in Sources */,
				95D5511525AC4183003E903A /* Intro.swift in Sources */,
				1D12579725A88883008A2262 /* CountOnesInBinaryRepresentationOfInteger.swift in Sources */,
				1D12579325A70EFD008A2262 /* LeastCommonMultiple.swift in Sources */,
				1D3E81D325B37ECE00E1E732 /* ConvertAgeToDays.swift in Sources */,
				1D386C3225A3ADC0004A457B /* StaircaseOfRecursion.swift in Sources */,
				951C8189262880790098038C /* Person.swift in Sources */,
				958B036B255EA7B7005B4538 /* TaumAndBDay.swift in Sources */,
				1D12578F25A70D4B008A2262 /* ExtendingTheArrayPrototype.swift in Sources */,
				1D784D1225ADE5C00038EA3A /* PerfectNumber.swift in Sources */,
				95340AF326309CF700C2F124 /* FlatArray.swift in Sources */,
				1D784CCA25AAEA390038EA3A /* FilterOutStringFromAnArray.swift in Sources */,
				95A222942577810A002FCA87 /* PickingNumbers.swift in Sources */,
				951C81BB2629A6530098038C /* Location.swift in Sources */,
				1D784CAA25A9ADC70038EA3A /* HurdleJump.swift in Sources */,
				951C819B2628885D0098038C /* Tractor.swift in Sources */,
				9551BDE52780B78700370D49 /* CountIslands.swift in Sources */,
				95D5512525AC564F003E903A /* UniqueEmailAddresses.swift in Sources */,
				1D3E819725B1948700E1E732 /* ReturnSomethingToMe.swift in Sources */,
				1DD954E92573BD1D0096FB3B /* AngryProfessor .swift in Sources */,
				1D3E81A725B19CFC00E1E732 /* TraceThatMatrix.swift in Sources */,
				951C81AF26288DB30098038C /* VideoGame.swift in Sources */,
				1D3E81DB25B4513D00E1E732 /* LessThan100.swift in Sources */,
				1D91F98D256317A200A0CB73 /* EqualizeTheArray.swift in Sources */,
				1DBB78D6254F3B4700DD4CAA /* BreakingTheRecords.swift in Sources */,
				1D8F252E25C6A2F200B256C5 /* RecursionInTheWorkplace.swift in Sources */,
				9570678025B7025500657E66 /* Selection.swift in Sources */,
				951C81932628881D0098038C /* Car.swift in Sources */,
				9570678825B70C4500657E66 /* Quick.swift in Sources */,
				951C81B326288DD90098038C /* VideoCase.swift in Sources */,
				9570677825B6FEE500657E66 /* Bubble.swift in Sources */,
				95A222A12578FD3E002FCA87 /* ElectronicsShop.swift in Sources */,
				1D784D0E25ADE4CF0038EA3A /* IsTheStringEmpty.swift in Sources */,
				1D3E819B25B1952B00E1E732 /* SumOfDigitsBetweenTwoNumbers.swift in Sources */,
				1D3E81D725B384AA00E1E732 /* ComparingStringsByCountingOfCharacters.swift in Sources */,
				1D28451325A4EDD00086C2ED /* TicTakToe.swift in Sources */,
				95A222C6257A2AEC002FCA87 /* DrawingBook.swift in Sources */,
				1D784CBE25AA347F0038EA3A /* AllOccurrencesOfAnElementInAnArray.swift in Sources */,
				1D3E81AB25B19EA000E1E732 /* PositiveDominant.swift in Sources */,
				1DC6C02425BD5B6B006C8DEE /* BigONotation.swift in Sources */,
				1D28451F25A598740086C2ED /* ProductOfAllOtherNumbers.swift in Sources */,
				951C81B726288EED0098038C /* Box.swift in Sources */,
				95EA15B225C00000006CEBF7 /* Stack.swift in Sources */,
				1D28450F25A4E9770086C2ED /* WhichNumbersIsNotLikeTheOthers.swift in Sources */,
				1D12577325A6ED0E008A2262 /* NextPrime.swift in Sources */,
				953402C725AC749500A854DA /* IntersectionOfTwoArrays.swift in Sources */,
				1D784C9E25A999340038EA3A /* ChatRoomStatus.swift in Sources */,
				1DBB78A6254DF36B00DD4CAA /* AlgorithmsApp.swift in Sources */,
				1D89614C257E1C2000A1BC77 /* AppendAndDelete.swift in Sources */,
				1D3E81C725B37C0700E1E732 /* IsTheNumberEvenOrOdd.swift in Sources */,
				1D784CD625AB7AA50038EA3A /* MuseumOfIncredibly.swift in Sources */,
				1D3E81AF25B3052C00E1E732 /* HashesAndPluses.swift in Sources */,
				1D46CB81257B6FFA001EE09A /* CircularArrayRotation.swift in Sources */,
				1D4FABFB25763FBD0031C94D /* DesignerPDFViewer.swift in Sources */,
				1D784CF825ADDA8F0038EA3A /* MatchstickHouses.swift in Sources */,
				9585F318256E3D14007E9250 /* JumpingOnTheCloudsRevisited.swift in Sources */,
				1D784C5525A8CBE60038EA3A /* LargestSwap.swift in Sources */,
				95860012256CF3060060DC91 /* SherlockAndSquare.swift in Sources */,
				9570678425B704B700657E66 /* Insertion.swift in Sources */,
				1D784C5925A8D54C0038EA3A /* Other.swift in Sources */,
				1D28932025AED53A00139F38 /* ConvertHoursAndMinutesToSeconds.swift in Sources */,
				951C819F262888A10098038C /* AddableProtocol.swift in Sources */,
				1D784CA225A99FDB0038EA3A /* VowelReplacer.swift in Sources */,
				1DB46B612559C6F1006B83B9 /* CatsAndMouse.swift in Sources */,
				1D784CB225A9DD010038EA3A /* MovieThreatreAdmittance.swift in Sources */,
				1D12575F25A651A5008A2262 /* LeftSideRightSide.swift in Sources */,
				1D28451725A4F8700086C2ED /* TallestSkyscraper.swift in Sources */,
				1D919C8B25B02FD80098C714 /* ReturnTheLastElementInAnArray.swift in Sources */,
				1D784CC225AAE62B0038EA3A /* NDifference.swift in Sources */,
				1D3E81B325B309FF00E1E732 /* ReturnTheTotalNUmberOfParameters.swift in Sources */,
				1D28451B25A591700086C2ED /* FindTheMissingLetter.swift in Sources */,
				1D784C5125A8CA5F0038EA3A /* RepeatingLetters.swift in Sources */,
				1D3E819F25B197B500E1E732 /* AllAboutClosuresAdding.swift in Sources */,
				95EA15BC25C0118F006CEBF7 /* Queue.swift in Sources */,
				1D784CBA25AA2ADC0038EA3A /* IsTheWordSingularOrPlural.swift in Sources */,
				1D3E81A325B19BF500E1E732 /* ConcatenatingTwoIntegerArrays.swift in Sources */,
				1D9BAA64256074FD00527E66 /* UtopianTree.swift in Sources */,
				1D28932825AED7B800139F38 /* GetTheSumOfAllArrayElements.swift in Sources */,
				1DE74B79256ACC5700313838 /* CutSticks.swift in Sources */,
				951C818126287B020098038C /* MasteringGenerics.swift in Sources */,
				951C81BF2629A7620098038C /* GenLocation.swift in Sources */,
				951C81A726288CDF0098038C /* Storage.swift in Sources */,
				95A222CA257CC33D002FCA87 /* SequenceEquation.swift in Sources */,
				95D5512125AC4D01003E903A /* Logger.swift in Sources */,
				1D12578325A7066E008A2262 /* TotalVolumeOfAllBoxes.swift in Sources */,
				1DF44EFB25725FA900232DD4 /* BeautifulDaysAtTheMovies.swift in Sources */,
				1DF44EBF2570263000232DD4 /* SaveThePrisoner.swift in Sources */,
				1DB426742561C20800647529 /* BeautifulTriplets.swift in Sources */,
				9515CF3825666A310061796F /* ChocolateFeast.swift in Sources */,
				953402BF25AC6BEA00A854DA /* MajorityElement.swift in Sources */,
				1D672B58255A7BEF007F998D /* HurdleRace.swift in Sources */,
				1D12576325A656EF008A2262 /* ClosestPalindromeNumber.swift in Sources */,
				1D784CCE25AB76EF0038EA3A /* ATMPINCodeValidation.swift in Sources */,
				95C16F54277F8BBC004000B1 /* SpiralTraverse.swift in Sources */,
				951C81972628884F0098038C /* Truck.swift in Sources */,
				1D784CFE25ADDC040038EA3A /* XandYCoordinates.swift in Sources */,
				1D784CAE25A9AF3E0038EA3A /* ProfitableGamble.swift in Sources */,
				1D784D0A25ADE37C0038EA3A /* CountOnes.swift in Sources */,
				1D3E819325B1935300E1E732 /* FootballPoint.swift in Sources */,
				1DBB78CE254EA2F000DD4CAA /* NumberLineJumps.swift in Sources */,
				1D12577B25A6FDC0008A2262 /* PersistentLittleBugger.swift in Sources */,
				951C81AB26288D240098038C /* Bookcase.swift in Sources */,
				1D265A5E2569C2BE0073C85E /* ServiceLane.swift in Sources */,
				9586FFE4256BEC210060DC91 /* LibraryFine.swift in Sources */,
				951CECA9278B49530048150E /* MergeInvervals.swift in Sources */,
				1D784CD225AB78D10038EA3A /* SliceOfPie.swift in Sources */,
				1D3BC1FC2568441400E53B15 /* MinimumDistance.swift in Sources */,
				1D12577F25A704C8008A2262 /* EvenOddPartition.swift in Sources */,
				1D28932425AED66900139F38 /* FindThePerimeterOfARectangle.swift in Sources */,
				1DF1A79425CBD74300B347C8 /* LinkedList.swift in Sources */,
				1D784CC625AAE7760038EA3A /* ArrayOfMultiples.swift in Sources */,
				1D10C20C267E3C4A00B971E3 /* Palindrome.swift in Sources */,
				95E50367256518E700DDD45F /* HalloweenSale.swift in Sources */,
				1DE140BC255C55E700C415E6 /* FindDigits.swift in Sources */,
				9569D8672780E0BE00BFCAC6 /* PascalsTriangle.swift in Sources */,
				1D3E81BF25B3761600E1E732 /* EliminateOddNumbersWithinAnArray.swift in Sources */,
				1D784CB625AA28CB0038EA3A /* FindTheIndex.swift in Sources */,
			);
			runOnlyForDeploymentPostprocessing = 0;
		};
		1DBB78B9254DF60F00DD4CAA /* Sources */ = {
			isa = PBXSourcesBuildPhase;
			buildActionMask = 2147483647;
			files = (
				1DBB78C0254DF60F00DD4CAA /* AlgorithmsTests.swift in Sources */,
				95EA15C225C01311006CEBF7 /* TestQueue&Stack.swift in Sources */,
				95C16F56277F8E54004000B1 /* TestMeta.swift in Sources */,
				1DF1A79825CBD80500B347C8 /* TestLinkedList.swift in Sources */,
				95EA15B625C000C5006CEBF7 /* TestStack.swift in Sources */,
				1D386C2C25A3AD9F004A457B /* TestCodingExercises.swift in Sources */,
				951C818526287BEB0098038C /* TestMasteringGenerics.swift in Sources */,
				1D8F253225C6C30300B256C5 /* TestRecursionInTheWorkplace.swift in Sources */,
				9570677C25B7004700657E66 /* TestEdu.swift in Sources */,
				95D5511D25AC42EB003E903A /* TestAlgorithmsDesign.swift in Sources */,
			);
			runOnlyForDeploymentPostprocessing = 0;
		};
/* End PBXSourcesBuildPhase section */

/* Begin PBXTargetDependency section */
		1DBB78C3254DF60F00DD4CAA /* PBXTargetDependency */ = {
			isa = PBXTargetDependency;
			target = 1DBB78A1254DF36B00DD4CAA /* Algorithms */;
			targetProxy = 1DBB78C2254DF60F00DD4CAA /* PBXContainerItemProxy */;
		};
/* End PBXTargetDependency section */

/* Begin XCBuildConfiguration section */
		1DBB78AF254DF37000DD4CAA /* Debug */ = {
			isa = XCBuildConfiguration;
			buildSettings = {
				ALWAYS_SEARCH_USER_PATHS = NO;
				CLANG_ANALYZER_NONNULL = YES;
				CLANG_ANALYZER_NUMBER_OBJECT_CONVERSION = YES_AGGRESSIVE;
				CLANG_CXX_LANGUAGE_STANDARD = "gnu++14";
				CLANG_CXX_LIBRARY = "libc++";
				CLANG_ENABLE_MODULES = YES;
				CLANG_ENABLE_OBJC_ARC = YES;
				CLANG_ENABLE_OBJC_WEAK = YES;
				CLANG_WARN_BLOCK_CAPTURE_AUTORELEASING = YES;
				CLANG_WARN_BOOL_CONVERSION = YES;
				CLANG_WARN_COMMA = YES;
				CLANG_WARN_CONSTANT_CONVERSION = YES;
				CLANG_WARN_DEPRECATED_OBJC_IMPLEMENTATIONS = YES;
				CLANG_WARN_DIRECT_OBJC_ISA_USAGE = YES_ERROR;
				CLANG_WARN_DOCUMENTATION_COMMENTS = YES;
				CLANG_WARN_EMPTY_BODY = YES;
				CLANG_WARN_ENUM_CONVERSION = YES;
				CLANG_WARN_INFINITE_RECURSION = YES;
				CLANG_WARN_INT_CONVERSION = YES;
				CLANG_WARN_NON_LITERAL_NULL_CONVERSION = YES;
				CLANG_WARN_OBJC_IMPLICIT_RETAIN_SELF = YES;
				CLANG_WARN_OBJC_LITERAL_CONVERSION = YES;
				CLANG_WARN_OBJC_ROOT_CLASS = YES_ERROR;
				CLANG_WARN_QUOTED_INCLUDE_IN_FRAMEWORK_HEADER = YES;
				CLANG_WARN_RANGE_LOOP_ANALYSIS = YES;
				CLANG_WARN_STRICT_PROTOTYPES = YES;
				CLANG_WARN_SUSPICIOUS_MOVE = YES;
				CLANG_WARN_UNGUARDED_AVAILABILITY = YES_AGGRESSIVE;
				CLANG_WARN_UNREACHABLE_CODE = YES;
				CLANG_WARN__DUPLICATE_METHOD_MATCH = YES;
				COPY_PHASE_STRIP = NO;
				DEBUG_INFORMATION_FORMAT = dwarf;
				ENABLE_STRICT_OBJC_MSGSEND = YES;
				ENABLE_TESTABILITY = YES;
				GCC_C_LANGUAGE_STANDARD = gnu11;
				GCC_DYNAMIC_NO_PIC = NO;
				GCC_NO_COMMON_BLOCKS = YES;
				GCC_OPTIMIZATION_LEVEL = 0;
				GCC_PREPROCESSOR_DEFINITIONS = (
					"DEBUG=1",
					"$(inherited)",
				);
				GCC_WARN_64_TO_32_BIT_CONVERSION = YES;
				GCC_WARN_ABOUT_RETURN_TYPE = YES_ERROR;
				GCC_WARN_UNDECLARED_SELECTOR = YES;
				GCC_WARN_UNINITIALIZED_AUTOS = YES_AGGRESSIVE;
				GCC_WARN_UNUSED_FUNCTION = YES;
				GCC_WARN_UNUSED_VARIABLE = YES;
				IPHONEOS_DEPLOYMENT_TARGET = 14.1;
				MTL_ENABLE_DEBUG_INFO = INCLUDE_SOURCE;
				MTL_FAST_MATH = YES;
				ONLY_ACTIVE_ARCH = YES;
				SDKROOT = iphoneos;
				SWIFT_ACTIVE_COMPILATION_CONDITIONS = DEBUG;
				SWIFT_OPTIMIZATION_LEVEL = "-Onone";
			};
			name = Debug;
		};
		1DBB78B0254DF37000DD4CAA /* Release */ = {
			isa = XCBuildConfiguration;
			buildSettings = {
				ALWAYS_SEARCH_USER_PATHS = NO;
				CLANG_ANALYZER_NONNULL = YES;
				CLANG_ANALYZER_NUMBER_OBJECT_CONVERSION = YES_AGGRESSIVE;
				CLANG_CXX_LANGUAGE_STANDARD = "gnu++14";
				CLANG_CXX_LIBRARY = "libc++";
				CLANG_ENABLE_MODULES = YES;
				CLANG_ENABLE_OBJC_ARC = YES;
				CLANG_ENABLE_OBJC_WEAK = YES;
				CLANG_WARN_BLOCK_CAPTURE_AUTORELEASING = YES;
				CLANG_WARN_BOOL_CONVERSION = YES;
				CLANG_WARN_COMMA = YES;
				CLANG_WARN_CONSTANT_CONVERSION = YES;
				CLANG_WARN_DEPRECATED_OBJC_IMPLEMENTATIONS = YES;
				CLANG_WARN_DIRECT_OBJC_ISA_USAGE = YES_ERROR;
				CLANG_WARN_DOCUMENTATION_COMMENTS = YES;
				CLANG_WARN_EMPTY_BODY = YES;
				CLANG_WARN_ENUM_CONVERSION = YES;
				CLANG_WARN_INFINITE_RECURSION = YES;
				CLANG_WARN_INT_CONVERSION = YES;
				CLANG_WARN_NON_LITERAL_NULL_CONVERSION = YES;
				CLANG_WARN_OBJC_IMPLICIT_RETAIN_SELF = YES;
				CLANG_WARN_OBJC_LITERAL_CONVERSION = YES;
				CLANG_WARN_OBJC_ROOT_CLASS = YES_ERROR;
				CLANG_WARN_QUOTED_INCLUDE_IN_FRAMEWORK_HEADER = YES;
				CLANG_WARN_RANGE_LOOP_ANALYSIS = YES;
				CLANG_WARN_STRICT_PROTOTYPES = YES;
				CLANG_WARN_SUSPICIOUS_MOVE = YES;
				CLANG_WARN_UNGUARDED_AVAILABILITY = YES_AGGRESSIVE;
				CLANG_WARN_UNREACHABLE_CODE = YES;
				CLANG_WARN__DUPLICATE_METHOD_MATCH = YES;
				COPY_PHASE_STRIP = NO;
				DEBUG_INFORMATION_FORMAT = "dwarf-with-dsym";
				ENABLE_NS_ASSERTIONS = NO;
				ENABLE_STRICT_OBJC_MSGSEND = YES;
				GCC_C_LANGUAGE_STANDARD = gnu11;
				GCC_NO_COMMON_BLOCKS = YES;
				GCC_WARN_64_TO_32_BIT_CONVERSION = YES;
				GCC_WARN_ABOUT_RETURN_TYPE = YES_ERROR;
				GCC_WARN_UNDECLARED_SELECTOR = YES;
				GCC_WARN_UNINITIALIZED_AUTOS = YES_AGGRESSIVE;
				GCC_WARN_UNUSED_FUNCTION = YES;
				GCC_WARN_UNUSED_VARIABLE = YES;
				IPHONEOS_DEPLOYMENT_TARGET = 14.1;
				MTL_ENABLE_DEBUG_INFO = NO;
				MTL_FAST_MATH = YES;
				SDKROOT = iphoneos;
				SWIFT_COMPILATION_MODE = wholemodule;
				SWIFT_OPTIMIZATION_LEVEL = "-O";
				VALIDATE_PRODUCT = YES;
			};
			name = Release;
		};
		1DBB78B2254DF37000DD4CAA /* Debug */ = {
			isa = XCBuildConfiguration;
			buildSettings = {
				ASSETCATALOG_COMPILER_APPICON_NAME = AppIcon;
				ASSETCATALOG_COMPILER_GLOBAL_ACCENT_COLOR_NAME = AccentColor;
				CODE_SIGN_STYLE = Automatic;
				DEVELOPMENT_ASSET_PATHS = "\"Algorithms/Preview Content\"";
				ENABLE_PREVIEWS = YES;
				INFOPLIST_FILE = Algorithms/Info.plist;
				IPHONEOS_DEPLOYMENT_TARGET = 14.0;
				LD_RUNPATH_SEARCH_PATHS = (
					"$(inherited)",
					"@executable_path/Frameworks",
				);
				PRODUCT_BUNDLE_IDENTIFIER = com.ri.Algorithms;
				PRODUCT_NAME = "$(TARGET_NAME)";
				SWIFT_VERSION = 5.0;
				TARGETED_DEVICE_FAMILY = "1,2";
			};
			name = Debug;
		};
		1DBB78B3254DF37000DD4CAA /* Release */ = {
			isa = XCBuildConfiguration;
			buildSettings = {
				ASSETCATALOG_COMPILER_APPICON_NAME = AppIcon;
				ASSETCATALOG_COMPILER_GLOBAL_ACCENT_COLOR_NAME = AccentColor;
				CODE_SIGN_STYLE = Automatic;
				DEVELOPMENT_ASSET_PATHS = "\"Algorithms/Preview Content\"";
				ENABLE_PREVIEWS = YES;
				INFOPLIST_FILE = Algorithms/Info.plist;
				IPHONEOS_DEPLOYMENT_TARGET = 14.0;
				LD_RUNPATH_SEARCH_PATHS = (
					"$(inherited)",
					"@executable_path/Frameworks",
				);
				PRODUCT_BUNDLE_IDENTIFIER = com.ri.Algorithms;
				PRODUCT_NAME = "$(TARGET_NAME)";
				SWIFT_VERSION = 5.0;
				TARGETED_DEVICE_FAMILY = "1,2";
			};
			name = Release;
		};
		1DBB78C5254DF60F00DD4CAA /* Debug */ = {
			isa = XCBuildConfiguration;
			buildSettings = {
				BUNDLE_LOADER = "$(TEST_HOST)";
				CODE_SIGN_STYLE = Automatic;
				INFOPLIST_FILE = AlgorithmsTests/Info.plist;
				LD_RUNPATH_SEARCH_PATHS = (
					"$(inherited)",
					"@executable_path/Frameworks",
					"@loader_path/Frameworks",
				);
				PRODUCT_BUNDLE_IDENTIFIER = com.ri.AlgorithmsTests;
				PRODUCT_NAME = "$(TARGET_NAME)";
				SWIFT_VERSION = 5.0;
				TARGETED_DEVICE_FAMILY = "1,2";
				TEST_HOST = "$(BUILT_PRODUCTS_DIR)/Algorithms.app/Algorithms";
			};
			name = Debug;
		};
		1DBB78C6254DF60F00DD4CAA /* Release */ = {
			isa = XCBuildConfiguration;
			buildSettings = {
				BUNDLE_LOADER = "$(TEST_HOST)";
				CODE_SIGN_STYLE = Automatic;
				INFOPLIST_FILE = AlgorithmsTests/Info.plist;
				LD_RUNPATH_SEARCH_PATHS = (
					"$(inherited)",
					"@executable_path/Frameworks",
					"@loader_path/Frameworks",
				);
				PRODUCT_BUNDLE_IDENTIFIER = com.ri.AlgorithmsTests;
				PRODUCT_NAME = "$(TARGET_NAME)";
				SWIFT_VERSION = 5.0;
				TARGETED_DEVICE_FAMILY = "1,2";
				TEST_HOST = "$(BUILT_PRODUCTS_DIR)/Algorithms.app/Algorithms";
			};
			name = Release;
		};
/* End XCBuildConfiguration section */

/* Begin XCConfigurationList section */
		1DBB789D254DF36B00DD4CAA /* Build configuration list for PBXProject "Algorithms" */ = {
			isa = XCConfigurationList;
			buildConfigurations = (
				1DBB78AF254DF37000DD4CAA /* Debug */,
				1DBB78B0254DF37000DD4CAA /* Release */,
			);
			defaultConfigurationIsVisible = 0;
			defaultConfigurationName = Release;
		};
		1DBB78B1254DF37000DD4CAA /* Build configuration list for PBXNativeTarget "Algorithms" */ = {
			isa = XCConfigurationList;
			buildConfigurations = (
				1DBB78B2254DF37000DD4CAA /* Debug */,
				1DBB78B3254DF37000DD4CAA /* Release */,
			);
			defaultConfigurationIsVisible = 0;
			defaultConfigurationName = Release;
		};
		1DBB78C4254DF60F00DD4CAA /* Build configuration list for PBXNativeTarget "AlgorithmsTests" */ = {
			isa = XCConfigurationList;
			buildConfigurations = (
				1DBB78C5254DF60F00DD4CAA /* Debug */,
				1DBB78C6254DF60F00DD4CAA /* Release */,
			);
			defaultConfigurationIsVisible = 0;
			defaultConfigurationName = Release;
		};
/* End XCConfigurationList section */
	};
	rootObject = 1DBB789A254DF36B00DD4CAA /* Project object */;
}
